// !$*UTF8*$!
{
	archiveVersion = 1;
	classes = {
	};
	objectVersion = 46;
	objects = {

/* Begin PBXBuildFile section */
		5D508A5318F5E7E700ED88FE /* AppDelegate.m in Sources */ = {isa = PBXBuildFile; fileRef = 5D508A4518F5E7E700ED88FE /* AppDelegate.m */; };
		5D508A6B18F5E95400ED88FE /* main.m in Sources */ = {isa = PBXBuildFile; fileRef = 5D508A6A18F5E95400ED88FE /* main.m */; };
		5DB736AF18F50C91002443AD /* Foundation.framework in Frameworks */ = {isa = PBXBuildFile; fileRef = 5DB736AE18F50C91002443AD /* Foundation.framework */; };
		5DB736B118F50C91002443AD /* CoreGraphics.framework in Frameworks */ = {isa = PBXBuildFile; fileRef = 5DB736B018F50C91002443AD /* CoreGraphics.framework */; };
		5DB736B318F50C91002443AD /* UIKit.framework in Frameworks */ = {isa = PBXBuildFile; fileRef = 5DB736B218F50C91002443AD /* UIKit.framework */; };
		5DB736C818F50C91002443AD /* XCTest.framework in Frameworks */ = {isa = PBXBuildFile; fileRef = 5DB736C718F50C91002443AD /* XCTest.framework */; };
		5DB736C918F50C91002443AD /* Foundation.framework in Frameworks */ = {isa = PBXBuildFile; fileRef = 5DB736AE18F50C91002443AD /* Foundation.framework */; };
		5DB736CA18F50C91002443AD /* UIKit.framework in Frameworks */ = {isa = PBXBuildFile; fileRef = 5DB736B218F50C91002443AD /* UIKit.framework */; };
		5DB736D218F50C91002443AD /* InfoPlist.strings in Resources */ = {isa = PBXBuildFile; fileRef = 5DB736D018F50C91002443AD /* InfoPlist.strings */; };
		5DB736D418F50C91002443AD /* DevBYReaderTests.m in Sources */ = {isa = PBXBuildFile; fileRef = 5DB736D318F50C91002443AD /* DevBYReaderTests.m */; };
		844A14BD1907FD19002EDB2E /* ImageHelper.m in Sources */ = {isa = PBXBuildFile; fileRef = 844A14BC1907FD19002EDB2E /* ImageHelper.m */; };
		844A14CD1907FD67002EDB2E /* JASidePanelController.m in Sources */ = {isa = PBXBuildFile; fileRef = 844A14CA1907FD67002EDB2E /* JASidePanelController.m */; };
		844A14CE1907FD67002EDB2E /* UIViewController+JASidePanel.m in Sources */ = {isa = PBXBuildFile; fileRef = 844A14CC1907FD67002EDB2E /* UIViewController+JASidePanel.m */; };
		844A14D11907FD67002EDB2E /* JADebugViewController.m in Sources */ = {isa = PBXBuildFile; fileRef = 844A14D01907FD67002EDB2E /* JADebugViewController.m */; };
		844A14DF1907FD67002EDB2E /* EventsTableViewCell.m in Sources */ = {isa = PBXBuildFile; fileRef = 844A14DC1907FD67002EDB2E /* EventsTableViewCell.m */; };
		844A14E01907FD67002EDB2E /* NewsTableViewCell.m in Sources */ = {isa = PBXBuildFile; fileRef = 844A14DE1907FD67002EDB2E /* NewsTableViewCell.m */; };
		844A14F61907FD67002EDB2E /* EventDetailModel.m in Sources */ = {isa = PBXBuildFile; fileRef = 844A14EF1907FD67002EDB2E /* EventDetailModel.m */; };
		844A14F71907FD67002EDB2E /* EventModel.m in Sources */ = {isa = PBXBuildFile; fileRef = 844A14F11907FD67002EDB2E /* EventModel.m */; };
		844A14F81907FD67002EDB2E /* NewsDetailModel.m in Sources */ = {isa = PBXBuildFile; fileRef = 844A14F31907FD67002EDB2E /* NewsDetailModel.m */; };
		844A14F91907FD67002EDB2E /* NewsModel.m in Sources */ = {isa = PBXBuildFile; fileRef = 844A14F51907FD67002EDB2E /* NewsModel.m */; };
		844A15051907FD67002EDB2E /* EventRepository.m in Sources */ = {isa = PBXBuildFile; fileRef = 844A15021907FD67002EDB2E /* EventRepository.m */; };
		844A15061907FD67002EDB2E /* NewsRepository.m in Sources */ = {isa = PBXBuildFile; fileRef = 844A15041907FD67002EDB2E /* NewsRepository.m */; };
		844A151B1907FD67002EDB2E /* img0.png in Resources */ = {isa = PBXBuildFile; fileRef = 844A15151907FD67002EDB2E /* img0.png */; };
		844A151C1907FD67002EDB2E /* img1.png in Resources */ = {isa = PBXBuildFile; fileRef = 844A15161907FD67002EDB2E /* img1.png */; };
		844A151D1907FD67002EDB2E /* img2.png in Resources */ = {isa = PBXBuildFile; fileRef = 844A15171907FD67002EDB2E /* img2.png */; };
		844A151E1907FD67002EDB2E /* img3.png in Resources */ = {isa = PBXBuildFile; fileRef = 844A15181907FD67002EDB2E /* img3.png */; };
		844A151F1907FD67002EDB2E /* img4.png in Resources */ = {isa = PBXBuildFile; fileRef = 844A15191907FD67002EDB2E /* img4.png */; };
		844A15201907FD67002EDB2E /* img5.png in Resources */ = {isa = PBXBuildFile; fileRef = 844A151A1907FD67002EDB2E /* img5.png */; };
		844A153E1907FD67002EDB2E /* JobsViewController.m in Sources */ = {isa = PBXBuildFile; fileRef = 844A153D1907FD67002EDB2E /* JobsViewController.m */; };
		844A15411907FD67002EDB2E /* EventsViewController.m in Sources */ = {isa = PBXBuildFile; fileRef = 844A15401907FD67002EDB2E /* EventsViewController.m */; };
		844A15441907FD67002EDB2E /* CompaniesViewController.m in Sources */ = {isa = PBXBuildFile; fileRef = 844A15431907FD67002EDB2E /* CompaniesViewController.m */; };
		844A15491907FD67002EDB2E /* NewsDetailViewController.m in Sources */ = {isa = PBXBuildFile; fileRef = 844A15461907FD67002EDB2E /* NewsDetailViewController.m */; };
		844A154A1907FD67002EDB2E /* NewsViewController.m in Sources */ = {isa = PBXBuildFile; fileRef = 844A15481907FD67002EDB2E /* NewsViewController.m */; };
		844A154D1907FD67002EDB2E /* MenuViewController.m in Sources */ = {isa = PBXBuildFile; fileRef = 844A154C1907FD67002EDB2E /* MenuViewController.m */; };
		8467EE84190BC37A00FC156A /* companyLogo in Resources */ = {isa = PBXBuildFile; fileRef = 8467EE83190BC37A00FC156A /* companyLogo */; };
		84ABA6C8190819090087F9E3 /* EventsDetailViewController.m in Sources */ = {isa = PBXBuildFile; fileRef = 84ABA6C7190819090087F9E3 /* EventsDetailViewController.m */; };
		84CFCF3C190B085600D026D6 /* CommentsViewController.m in Sources */ = {isa = PBXBuildFile; fileRef = 84CFCF3B190B085600D026D6 /* CommentsViewController.m */; };
		84CFCF3F190B110000D026D6 /* Comment.m in Sources */ = {isa = PBXBuildFile; fileRef = 84CFCF3E190B110000D026D6 /* Comment.m */; };
		84CFCF42190B12B200D026D6 /* CommentRepository.m in Sources */ = {isa = PBXBuildFile; fileRef = 84CFCF41190B12B200D026D6 /* CommentRepository.m */; };
		84CFCF45190B12B200D026D6 /* CommentTableViewCell.m in Sources */ = {isa = PBXBuildFile; fileRef = 84CFCF44190B12B200D026D6 /* CommentTableViewCell.m */; };
/* End PBXBuildFile section */

/* Begin PBXContainerItemProxy section */
		5DB736CB18F50C91002443AD /* PBXContainerItemProxy */ = {
			isa = PBXContainerItemProxy;
			containerPortal = 5DB736A318F50C91002443AD /* Project object */;
			proxyType = 1;
			remoteGlobalIDString = 5DB736AA18F50C91002443AD;
			remoteInfo = DevBYReader;
		};
/* End PBXContainerItemProxy section */

/* Begin PBXFileReference section */
		5D508A4418F5E7E700ED88FE /* AppDelegate.h */ = {isa = PBXFileReference; fileEncoding = 4; lastKnownFileType = sourcecode.c.h; name = AppDelegate.h; path = ../DevBYReader/AppDelegate.h; sourceTree = "<group>"; };
		5D508A4518F5E7E700ED88FE /* AppDelegate.m */ = {isa = PBXFileReference; fileEncoding = 4; lastKnownFileType = sourcecode.c.objc; name = AppDelegate.m; path = ../DevBYReader/AppDelegate.m; sourceTree = "<group>"; };
		5D508A5A18F5E81900ED88FE /* DevBYReader-Info.plist */ = {isa = PBXFileReference; fileEncoding = 4; lastKnownFileType = text.plist.xml; name = "DevBYReader-Info.plist"; path = "../DevBYReader/DevBYReader-Info.plist"; sourceTree = "<group>"; };
		5D508A5B18F5E81900ED88FE /* DevBYReader-Prefix.pch */ = {isa = PBXFileReference; fileEncoding = 4; lastKnownFileType = sourcecode.c.h; name = "DevBYReader-Prefix.pch"; path = "../DevBYReader/DevBYReader-Prefix.pch"; sourceTree = "<group>"; };
		5D508A6A18F5E95400ED88FE /* main.m */ = {isa = PBXFileReference; fileEncoding = 4; lastKnownFileType = sourcecode.c.objc; name = main.m; path = DevBYReader/main.m; sourceTree = SOURCE_ROOT; };
		5DB736AB18F50C91002443AD /* DevBYReader.app */ = {isa = PBXFileReference; explicitFileType = wrapper.application; includeInIndex = 0; path = DevBYReader.app; sourceTree = BUILT_PRODUCTS_DIR; };
		5DB736AE18F50C91002443AD /* Foundation.framework */ = {isa = PBXFileReference; lastKnownFileType = wrapper.framework; name = Foundation.framework; path = System/Library/Frameworks/Foundation.framework; sourceTree = SDKROOT; };
		5DB736B018F50C91002443AD /* CoreGraphics.framework */ = {isa = PBXFileReference; lastKnownFileType = wrapper.framework; name = CoreGraphics.framework; path = System/Library/Frameworks/CoreGraphics.framework; sourceTree = SDKROOT; };
		5DB736B218F50C91002443AD /* UIKit.framework */ = {isa = PBXFileReference; lastKnownFileType = wrapper.framework; name = UIKit.framework; path = System/Library/Frameworks/UIKit.framework; sourceTree = SDKROOT; };
		5DB736C618F50C91002443AD /* DevBYReaderTests.xctest */ = {isa = PBXFileReference; explicitFileType = wrapper.cfbundle; includeInIndex = 0; path = DevBYReaderTests.xctest; sourceTree = BUILT_PRODUCTS_DIR; };
		5DB736C718F50C91002443AD /* XCTest.framework */ = {isa = PBXFileReference; lastKnownFileType = wrapper.framework; name = XCTest.framework; path = Library/Frameworks/XCTest.framework; sourceTree = DEVELOPER_DIR; };
		5DB736CF18F50C91002443AD /* DevBYReaderTests-Info.plist */ = {isa = PBXFileReference; lastKnownFileType = text.plist.xml; path = "DevBYReaderTests-Info.plist"; sourceTree = "<group>"; };
		5DB736D118F50C91002443AD /* en */ = {isa = PBXFileReference; lastKnownFileType = text.plist.strings; name = en; path = en.lproj/InfoPlist.strings; sourceTree = "<group>"; };
		5DB736D318F50C91002443AD /* DevBYReaderTests.m */ = {isa = PBXFileReference; lastKnownFileType = sourcecode.c.objc; path = DevBYReaderTests.m; sourceTree = "<group>"; };
		844A14BB1907FD19002EDB2E /* ImageHelper.h */ = {isa = PBXFileReference; fileEncoding = 4; lastKnownFileType = sourcecode.c.h; name = ImageHelper.h; path = ImageHelper/ImageHelper.h; sourceTree = "<group>"; };
		844A14BC1907FD19002EDB2E /* ImageHelper.m */ = {isa = PBXFileReference; fileEncoding = 4; lastKnownFileType = sourcecode.c.objc; name = ImageHelper.m; path = ImageHelper/ImageHelper.m; sourceTree = "<group>"; };
		844A14C91907FD67002EDB2E /* JASidePanelController.h */ = {isa = PBXFileReference; fileEncoding = 4; lastKnownFileType = sourcecode.c.h; name = JASidePanelController.h; path = JASidePanel/JASidePanelController.h; sourceTree = "<group>"; };
		844A14CA1907FD67002EDB2E /* JASidePanelController.m */ = {isa = PBXFileReference; fileEncoding = 4; lastKnownFileType = sourcecode.c.objc; name = JASidePanelController.m; path = JASidePanel/JASidePanelController.m; sourceTree = "<group>"; };
		844A14CB1907FD67002EDB2E /* UIViewController+JASidePanel.h */ = {isa = PBXFileReference; fileEncoding = 4; lastKnownFileType = sourcecode.c.h; name = "UIViewController+JASidePanel.h"; path = "JASidePanel/UIViewController+JASidePanel.h"; sourceTree = "<group>"; };
		844A14CC1907FD67002EDB2E /* UIViewController+JASidePanel.m */ = {isa = PBXFileReference; fileEncoding = 4; lastKnownFileType = sourcecode.c.objc; name = "UIViewController+JASidePanel.m"; path = "JASidePanel/UIViewController+JASidePanel.m"; sourceTree = "<group>"; };
		844A14CF1907FD67002EDB2E /* JADebugViewController.h */ = {isa = PBXFileReference; fileEncoding = 4; lastKnownFileType = sourcecode.c.h; name = JADebugViewController.h; path = JASidePanel/JADebugViewController.h; sourceTree = "<group>"; };
		844A14D01907FD67002EDB2E /* JADebugViewController.m */ = {isa = PBXFileReference; fileEncoding = 4; lastKnownFileType = sourcecode.c.objc; name = JADebugViewController.m; path = JASidePanel/JADebugViewController.m; sourceTree = "<group>"; };
		844A14DB1907FD67002EDB2E /* EventsTableViewCell.h */ = {isa = PBXFileReference; fileEncoding = 4; lastKnownFileType = sourcecode.c.h; name = EventsTableViewCell.h; path = CustomViews/EventsTableViewCell.h; sourceTree = "<group>"; };
		844A14DC1907FD67002EDB2E /* EventsTableViewCell.m */ = {isa = PBXFileReference; fileEncoding = 4; lastKnownFileType = sourcecode.c.objc; name = EventsTableViewCell.m; path = CustomViews/EventsTableViewCell.m; sourceTree = "<group>"; };
		844A14DD1907FD67002EDB2E /* NewsTableViewCell.h */ = {isa = PBXFileReference; fileEncoding = 4; lastKnownFileType = sourcecode.c.h; name = NewsTableViewCell.h; path = CustomViews/NewsTableViewCell.h; sourceTree = "<group>"; };
		844A14DE1907FD67002EDB2E /* NewsTableViewCell.m */ = {isa = PBXFileReference; fileEncoding = 4; lastKnownFileType = sourcecode.c.objc; name = NewsTableViewCell.m; path = CustomViews/NewsTableViewCell.m; sourceTree = "<group>"; };
		844A14EE1907FD67002EDB2E /* EventDetailModel.h */ = {isa = PBXFileReference; fileEncoding = 4; lastKnownFileType = sourcecode.c.h; name = EventDetailModel.h; path = Models/EventDetailModel.h; sourceTree = "<group>"; };
		844A14EF1907FD67002EDB2E /* EventDetailModel.m */ = {isa = PBXFileReference; fileEncoding = 4; lastKnownFileType = sourcecode.c.objc; name = EventDetailModel.m; path = Models/EventDetailModel.m; sourceTree = "<group>"; };
		844A14F01907FD67002EDB2E /* EventModel.h */ = {isa = PBXFileReference; fileEncoding = 4; lastKnownFileType = sourcecode.c.h; name = EventModel.h; path = Models/EventModel.h; sourceTree = "<group>"; };
		844A14F11907FD67002EDB2E /* EventModel.m */ = {isa = PBXFileReference; fileEncoding = 4; lastKnownFileType = sourcecode.c.objc; name = EventModel.m; path = Models/EventModel.m; sourceTree = "<group>"; };
		844A14F21907FD67002EDB2E /* NewsDetailModel.h */ = {isa = PBXFileReference; fileEncoding = 4; lastKnownFileType = sourcecode.c.h; name = NewsDetailModel.h; path = Models/NewsDetailModel.h; sourceTree = "<group>"; };
		844A14F31907FD67002EDB2E /* NewsDetailModel.m */ = {isa = PBXFileReference; fileEncoding = 4; lastKnownFileType = sourcecode.c.objc; name = NewsDetailModel.m; path = Models/NewsDetailModel.m; sourceTree = "<group>"; };
		844A14F41907FD67002EDB2E /* NewsModel.h */ = {isa = PBXFileReference; fileEncoding = 4; lastKnownFileType = sourcecode.c.h; name = NewsModel.h; path = Models/NewsModel.h; sourceTree = "<group>"; };
		844A14F51907FD67002EDB2E /* NewsModel.m */ = {isa = PBXFileReference; fileEncoding = 4; lastKnownFileType = sourcecode.c.objc; name = NewsModel.m; path = Models/NewsModel.m; sourceTree = "<group>"; };
		844A15011907FD67002EDB2E /* EventRepository.h */ = {isa = PBXFileReference; fileEncoding = 4; lastKnownFileType = sourcecode.c.h; name = EventRepository.h; path = Repositories/EventRepository.h; sourceTree = "<group>"; };
		844A15021907FD67002EDB2E /* EventRepository.m */ = {isa = PBXFileReference; fileEncoding = 4; lastKnownFileType = sourcecode.c.objc; name = EventRepository.m; path = Repositories/EventRepository.m; sourceTree = "<group>"; };
		844A15031907FD67002EDB2E /* NewsRepository.h */ = {isa = PBXFileReference; fileEncoding = 4; lastKnownFileType = sourcecode.c.h; name = NewsRepository.h; path = Repositories/NewsRepository.h; sourceTree = "<group>"; };
		844A15041907FD67002EDB2E /* NewsRepository.m */ = {isa = PBXFileReference; fileEncoding = 4; lastKnownFileType = sourcecode.c.objc; name = NewsRepository.m; path = Repositories/NewsRepository.m; sourceTree = "<group>"; };
		844A15151907FD67002EDB2E /* img0.png */ = {isa = PBXFileReference; lastKnownFileType = image.png; name = img0.png; path = TempResources/NewsThumbnails/img0.png; sourceTree = "<group>"; };
		844A15161907FD67002EDB2E /* img1.png */ = {isa = PBXFileReference; lastKnownFileType = image.png; name = img1.png; path = TempResources/NewsThumbnails/img1.png; sourceTree = "<group>"; };
		844A15171907FD67002EDB2E /* img2.png */ = {isa = PBXFileReference; lastKnownFileType = image.png; name = img2.png; path = TempResources/NewsThumbnails/img2.png; sourceTree = "<group>"; };
		844A15181907FD67002EDB2E /* img3.png */ = {isa = PBXFileReference; lastKnownFileType = image.png; name = img3.png; path = TempResources/NewsThumbnails/img3.png; sourceTree = "<group>"; };
		844A15191907FD67002EDB2E /* img4.png */ = {isa = PBXFileReference; lastKnownFileType = image.png; name = img4.png; path = TempResources/NewsThumbnails/img4.png; sourceTree = "<group>"; };
		844A151A1907FD67002EDB2E /* img5.png */ = {isa = PBXFileReference; lastKnownFileType = image.png; name = img5.png; path = TempResources/NewsThumbnails/img5.png; sourceTree = "<group>"; };
		844A15231907FD67002EDB2E /* Constants.h */ = {isa = PBXFileReference; fileEncoding = 4; lastKnownFileType = sourcecode.c.h; name = Constants.h; path = Constants/Constants.h; sourceTree = "<group>"; };
		844A153C1907FD67002EDB2E /* JobsViewController.h */ = {isa = PBXFileReference; fileEncoding = 4; lastKnownFileType = sourcecode.c.h; name = JobsViewController.h; path = ViewControllers/Jobs/JobsViewController.h; sourceTree = "<group>"; };
		844A153D1907FD67002EDB2E /* JobsViewController.m */ = {isa = PBXFileReference; fileEncoding = 4; lastKnownFileType = sourcecode.c.objc; name = JobsViewController.m; path = ViewControllers/Jobs/JobsViewController.m; sourceTree = "<group>"; };
		844A153F1907FD67002EDB2E /* EventsViewController.h */ = {isa = PBXFileReference; fileEncoding = 4; lastKnownFileType = sourcecode.c.h; name = EventsViewController.h; path = ViewControllers/Events/EventsViewController.h; sourceTree = "<group>"; };
		844A15401907FD67002EDB2E /* EventsViewController.m */ = {isa = PBXFileReference; fileEncoding = 4; lastKnownFileType = sourcecode.c.objc; name = EventsViewController.m; path = ViewControllers/Events/EventsViewController.m; sourceTree = "<group>"; };
		844A15421907FD67002EDB2E /* CompaniesViewController.h */ = {isa = PBXFileReference; fileEncoding = 4; lastKnownFileType = sourcecode.c.h; name = CompaniesViewController.h; path = ViewControllers/Companies/CompaniesViewController.h; sourceTree = "<group>"; };
		844A15431907FD67002EDB2E /* CompaniesViewController.m */ = {isa = PBXFileReference; fileEncoding = 4; lastKnownFileType = sourcecode.c.objc; name = CompaniesViewController.m; path = ViewControllers/Companies/CompaniesViewController.m; sourceTree = "<group>"; };
		844A15451907FD67002EDB2E /* NewsDetailViewController.h */ = {isa = PBXFileReference; fileEncoding = 4; lastKnownFileType = sourcecode.c.h; name = NewsDetailViewController.h; path = ViewControllers/News/NewsDetailViewController.h; sourceTree = "<group>"; };
		844A15461907FD67002EDB2E /* NewsDetailViewController.m */ = {isa = PBXFileReference; fileEncoding = 4; lastKnownFileType = sourcecode.c.objc; name = NewsDetailViewController.m; path = ViewControllers/News/NewsDetailViewController.m; sourceTree = "<group>"; };
		844A15471907FD67002EDB2E /* NewsViewController.h */ = {isa = PBXFileReference; fileEncoding = 4; lastKnownFileType = sourcecode.c.h; name = NewsViewController.h; path = ViewControllers/News/NewsViewController.h; sourceTree = "<group>"; };
		844A15481907FD67002EDB2E /* NewsViewController.m */ = {isa = PBXFileReference; fileEncoding = 4; lastKnownFileType = sourcecode.c.objc; name = NewsViewController.m; path = ViewControllers/News/NewsViewController.m; sourceTree = "<group>"; };
		844A154B1907FD67002EDB2E /* MenuViewController.h */ = {isa = PBXFileReference; fileEncoding = 4; lastKnownFileType = sourcecode.c.h; name = MenuViewController.h; path = ViewControllers/Menu/MenuViewController.h; sourceTree = "<group>"; };
		844A154C1907FD67002EDB2E /* MenuViewController.m */ = {isa = PBXFileReference; fileEncoding = 4; lastKnownFileType = sourcecode.c.objc; name = MenuViewController.m; path = ViewControllers/Menu/MenuViewController.m; sourceTree = "<group>"; };
		8467EE83190BC37A00FC156A /* companyLogo */ = {isa = PBXFileReference; lastKnownFileType = file; name = companyLogo; path = TempResources/Icons/companyLogo; sourceTree = "<group>"; };
		84ABA6C6190819090087F9E3 /* EventsDetailViewController.h */ = {isa = PBXFileReference; fileEncoding = 4; lastKnownFileType = sourcecode.c.h; name = EventsDetailViewController.h; path = ViewControllers/Events/EventsDetailViewController.h; sourceTree = "<group>"; };
		84ABA6C7190819090087F9E3 /* EventsDetailViewController.m */ = {isa = PBXFileReference; fileEncoding = 4; lastKnownFileType = sourcecode.c.objc; name = EventsDetailViewController.m; path = ViewControllers/Events/EventsDetailViewController.m; sourceTree = "<group>"; };
		84CFCF3A190B085600D026D6 /* CommentsViewController.h */ = {isa = PBXFileReference; fileEncoding = 4; lastKnownFileType = sourcecode.c.h; name = CommentsViewController.h; path = ViewControllers/Companies/CommentsViewController.h; sourceTree = "<group>"; };
		84CFCF3B190B085600D026D6 /* CommentsViewController.m */ = {isa = PBXFileReference; fileEncoding = 4; lastKnownFileType = sourcecode.c.objc; name = CommentsViewController.m; path = ViewControllers/Companies/CommentsViewController.m; sourceTree = "<group>"; };
		84CFCF3D190B110000D026D6 /* Comment.h */ = {isa = PBXFileReference; fileEncoding = 4; lastKnownFileType = sourcecode.c.h; name = Comment.h; path = Models/Comment.h; sourceTree = "<group>"; };
		84CFCF3E190B110000D026D6 /* Comment.m */ = {isa = PBXFileReference; fileEncoding = 4; lastKnownFileType = sourcecode.c.objc; name = Comment.m; path = Models/Comment.m; sourceTree = "<group>"; };
		84CFCF40190B12B200D026D6 /* CommentRepository.h */ = {isa = PBXFileReference; fileEncoding = 4; lastKnownFileType = sourcecode.c.h; name = CommentRepository.h; path = Repositories/CommentRepository.h; sourceTree = "<group>"; };
		84CFCF41190B12B200D026D6 /* CommentRepository.m */ = {isa = PBXFileReference; fileEncoding = 4; lastKnownFileType = sourcecode.c.objc; name = CommentRepository.m; path = Repositories/CommentRepository.m; sourceTree = "<group>"; };
		84CFCF43190B12B200D026D6 /* CommentTableViewCell.h */ = {isa = PBXFileReference; fileEncoding = 4; lastKnownFileType = sourcecode.c.h; name = CommentTableViewCell.h; path = CustomViews/CommentTableViewCell.h; sourceTree = "<group>"; };
		84CFCF44190B12B200D026D6 /* CommentTableViewCell.m */ = {isa = PBXFileReference; fileEncoding = 4; lastKnownFileType = sourcecode.c.objc; name = CommentTableViewCell.m; path = CustomViews/CommentTableViewCell.m; sourceTree = "<group>"; };
/* End PBXFileReference section */

/* Begin PBXFrameworksBuildPhase section */
		5DB736A818F50C91002443AD /* Frameworks */ = {
			isa = PBXFrameworksBuildPhase;
			buildActionMask = 2147483647;
			files = (
				5DB736B118F50C91002443AD /* CoreGraphics.framework in Frameworks */,
				5DB736B318F50C91002443AD /* UIKit.framework in Frameworks */,
				5DB736AF18F50C91002443AD /* Foundation.framework in Frameworks */,
			);
			runOnlyForDeploymentPostprocessing = 0;
		};
		5DB736C318F50C91002443AD /* Frameworks */ = {
			isa = PBXFrameworksBuildPhase;
			buildActionMask = 2147483647;
			files = (
				5DB736C818F50C91002443AD /* XCTest.framework in Frameworks */,
				5DB736CA18F50C91002443AD /* UIKit.framework in Frameworks */,
				5DB736C918F50C91002443AD /* Foundation.framework in Frameworks */,
			);
			runOnlyForDeploymentPostprocessing = 0;
		};
/* End PBXFrameworksBuildPhase section */

/* Begin PBXGroup section */
		5D508A4318F5E7E700ED88FE /* DevBYReader */ = {
			isa = PBXGroup;
			children = (
				844A15241907FD67002EDB2E /* ViewControllers */,
				844A15211907FD67002EDB2E /* Constants */,
				844A15071907FD67002EDB2E /* TempResources */,
				844A14FA1907FD67002EDB2E /* Repositories */,
				844A14E11907FD67002EDB2E /* Models */,
				844A14B11907FBA1002EDB2E /* Helpers */,
				5DB736CE18F50C91002443AD /* Supporting Files */,
			);
			path = DevBYReader;
			sourceTree = "<group>";
		};
		5DB736A218F50C91002443AD = {
			isa = PBXGroup;
			children = (
				5D508A4318F5E7E700ED88FE /* DevBYReader */,
			);
			sourceTree = "<group>";
		};
		5DB736AC18F50C91002443AD /* Products */ = {
			isa = PBXGroup;
			children = (
				5DB736AB18F50C91002443AD /* DevBYReader.app */,
				5DB736C618F50C91002443AD /* DevBYReaderTests.xctest */,
			);
			name = Products;
			path = ..;
			sourceTree = "<group>";
		};
		5DB736AD18F50C91002443AD /* Frameworks */ = {
			isa = PBXGroup;
			children = (
				5DB736AE18F50C91002443AD /* Foundation.framework */,
				5DB736B018F50C91002443AD /* CoreGraphics.framework */,
				5DB736B218F50C91002443AD /* UIKit.framework */,
				5DB736C718F50C91002443AD /* XCTest.framework */,
			);
			name = Frameworks;
			path = ..;
			sourceTree = "<group>";
		};
		5DB736CD18F50C91002443AD /* DevBYReaderTests */ = {
			isa = PBXGroup;
			children = (
				5DB736D318F50C91002443AD /* DevBYReaderTests.m */,
			);
			name = DevBYReaderTests;
			sourceTree = "<group>";
		};
		5DB736CE18F50C91002443AD /* Supporting Files */ = {
			isa = PBXGroup;
			children = (
				5D508A4418F5E7E700ED88FE /* AppDelegate.h */,
				5D508A4518F5E7E700ED88FE /* AppDelegate.m */,
				5DB736CD18F50C91002443AD /* DevBYReaderTests */,
				5DB736AD18F50C91002443AD /* Frameworks */,
				5DB736AC18F50C91002443AD /* Products */,
				5D508A6A18F5E95400ED88FE /* main.m */,
				5D508A5A18F5E81900ED88FE /* DevBYReader-Info.plist */,
				5D508A5B18F5E81900ED88FE /* DevBYReader-Prefix.pch */,
				5DB736CF18F50C91002443AD /* DevBYReaderTests-Info.plist */,
				5DB736D018F50C91002443AD /* InfoPlist.strings */,
			);
			name = "Supporting Files";
			path = DevBYReaderTests;
			sourceTree = SOURCE_ROOT;
		};
		844A14B11907FBA1002EDB2E /* Helpers */ = {
			isa = PBXGroup;
			children = (
				844A14D21907FD67002EDB2E /* CustomViews */,
				844A14BE1907FD3B002EDB2E /* JASidePanel */,
				844A14B21907FBA6002EDB2E /* ImageHelper */,
			);
			name = Helpers;
			sourceTree = "<group>";
		};
		844A14B21907FBA6002EDB2E /* ImageHelper */ = {
			isa = PBXGroup;
			children = (
				844A14BB1907FD19002EDB2E /* ImageHelper.h */,
				844A14BC1907FD19002EDB2E /* ImageHelper.m */,
			);
			name = ImageHelper;
			sourceTree = "<group>";
		};
		844A14BE1907FD3B002EDB2E /* JASidePanel */ = {
			isa = PBXGroup;
			children = (
				844A14CF1907FD67002EDB2E /* JADebugViewController.h */,
				844A14D01907FD67002EDB2E /* JADebugViewController.m */,
				844A14C21907FD67002EDB2E /* Infrastructure */,
			);
			name = JASidePanel;
			sourceTree = "<group>";
		};
		844A14C21907FD67002EDB2E /* Infrastructure */ = {
			isa = PBXGroup;
			children = (
				844A14C91907FD67002EDB2E /* JASidePanelController.h */,
				844A14CA1907FD67002EDB2E /* JASidePanelController.m */,
				844A14CB1907FD67002EDB2E /* UIViewController+JASidePanel.h */,
				844A14CC1907FD67002EDB2E /* UIViewController+JASidePanel.m */,
			);
			name = Infrastructure;
			sourceTree = "<group>";
		};
		844A14D21907FD67002EDB2E /* CustomViews */ = {
			isa = PBXGroup;
			children = (
				84CFCF43190B12B200D026D6 /* CommentTableViewCell.h */,
				84CFCF44190B12B200D026D6 /* CommentTableViewCell.m */,
				844A14DB1907FD67002EDB2E /* EventsTableViewCell.h */,
				844A14DC1907FD67002EDB2E /* EventsTableViewCell.m */,
				844A14DD1907FD67002EDB2E /* NewsTableViewCell.h */,
				844A14DE1907FD67002EDB2E /* NewsTableViewCell.m */,
			);
			name = CustomViews;
			sourceTree = "<group>";
		};
		844A14E11907FD67002EDB2E /* Models */ = {
			isa = PBXGroup;
			children = (
				84CFCF3D190B110000D026D6 /* Comment.h */,
				84CFCF3E190B110000D026D6 /* Comment.m */,
				844A14EE1907FD67002EDB2E /* EventDetailModel.h */,
				844A14EF1907FD67002EDB2E /* EventDetailModel.m */,
				844A14F01907FD67002EDB2E /* EventModel.h */,
				844A14F11907FD67002EDB2E /* EventModel.m */,
				844A14F21907FD67002EDB2E /* NewsDetailModel.h */,
				844A14F31907FD67002EDB2E /* NewsDetailModel.m */,
				844A14F41907FD67002EDB2E /* NewsModel.h */,
				844A14F51907FD67002EDB2E /* NewsModel.m */,
			);
			name = Models;
			sourceTree = "<group>";
		};
		844A14FA1907FD67002EDB2E /* Repositories */ = {
			isa = PBXGroup;
			children = (
				844A15011907FD67002EDB2E /* EventRepository.h */,
				844A15021907FD67002EDB2E /* EventRepository.m */,
				844A15031907FD67002EDB2E /* NewsRepository.h */,
				844A15041907FD67002EDB2E /* NewsRepository.m */,
				84CFCF40190B12B200D026D6 /* CommentRepository.h */,
				84CFCF41190B12B200D026D6 /* CommentRepository.m */,
			);
			name = Repositories;
			sourceTree = "<group>";
		};
		844A15071907FD67002EDB2E /* TempResources */ = {
			isa = PBXGroup;
			children = (
				8467EE82190BC36100FC156A /* Logos */,
				844A15081907FD67002EDB2E /* NewsThumbnails */,
			);
			name = TempResources;
			sourceTree = "<group>";
		};
		844A15081907FD67002EDB2E /* NewsThumbnails */ = {
			isa = PBXGroup;
			children = (
				844A15151907FD67002EDB2E /* img0.png */,
				844A15161907FD67002EDB2E /* img1.png */,
				844A15171907FD67002EDB2E /* img2.png */,
				844A15181907FD67002EDB2E /* img3.png */,
				844A15191907FD67002EDB2E /* img4.png */,
				844A151A1907FD67002EDB2E /* img5.png */,
			);
			name = NewsThumbnails;
			sourceTree = "<group>";
		};
		844A15211907FD67002EDB2E /* Constants */ = {
			isa = PBXGroup;
			children = (
				844A15231907FD67002EDB2E /* Constants.h */,
			);
			name = Constants;
			sourceTree = "<group>";
		};
		844A15241907FD67002EDB2E /* ViewControllers */ = {
			isa = PBXGroup;
			children = (
				84CFCF36190B045700D026D6 /* Comments */,
				844A15291907FD67002EDB2E /* Jobs */,
				844A15281907FD67002EDB2E /* Events */,
				844A15271907FD67002EDB2E /* Companies */,
				844A15261907FD67002EDB2E /* News */,
				844A15251907FD67002EDB2E /* Menu */,
			);
			name = ViewControllers;
			sourceTree = "<group>";
		};
		844A15251907FD67002EDB2E /* Menu */ = {
			isa = PBXGroup;
			children = (
				844A154B1907FD67002EDB2E /* MenuViewController.h */,
				844A154C1907FD67002EDB2E /* MenuViewController.m */,
			);
			name = Menu;
			sourceTree = "<group>";
		};
		844A15261907FD67002EDB2E /* News */ = {
			isa = PBXGroup;
			children = (
				844A15451907FD67002EDB2E /* NewsDetailViewController.h */,
				844A15461907FD67002EDB2E /* NewsDetailViewController.m */,
				844A15471907FD67002EDB2E /* NewsViewController.h */,
				844A15481907FD67002EDB2E /* NewsViewController.m */,
			);
			name = News;
			sourceTree = "<group>";
		};
		844A15271907FD67002EDB2E /* Companies */ = {
			isa = PBXGroup;
			children = (
				844A15421907FD67002EDB2E /* CompaniesViewController.h */,
				844A15431907FD67002EDB2E /* CompaniesViewController.m */,
			);
			name = Companies;
			sourceTree = "<group>";
		};
		844A15281907FD67002EDB2E /* Events */ = {
			isa = PBXGroup;
			children = (
				844A153F1907FD67002EDB2E /* EventsViewController.h */,
				844A15401907FD67002EDB2E /* EventsViewController.m */,
				84ABA6C6190819090087F9E3 /* EventsDetailViewController.h */,
				84ABA6C7190819090087F9E3 /* EventsDetailViewController.m */,
			);
			name = Events;
			sourceTree = "<group>";
		};
		844A15291907FD67002EDB2E /* Jobs */ = {
			isa = PBXGroup;
			children = (
				844A153C1907FD67002EDB2E /* JobsViewController.h */,
				844A153D1907FD67002EDB2E /* JobsViewController.m */,
			);
			name = Jobs;
			sourceTree = "<group>";
		};
		8467EE82190BC36100FC156A /* Logos */ = {
			isa = PBXGroup;
			children = (
				8467EE83190BC37A00FC156A /* companyLogo */,
			);
			name = Logos;
			sourceTree = "<group>";
		};
		84CFCF36190B045700D026D6 /* Comments */ = {
			isa = PBXGroup;
			children = (
				84CFCF3A190B085600D026D6 /* CommentsViewController.h */,
				84CFCF3B190B085600D026D6 /* CommentsViewController.m */,
			);
			name = Comments;
			sourceTree = "<group>";
		};
/* End PBXGroup section */

/* Begin PBXNativeTarget section */
		5DB736AA18F50C91002443AD /* DevBYReader */ = {
			isa = PBXNativeTarget;
			buildConfigurationList = 5DB736D718F50C91002443AD /* Build configuration list for PBXNativeTarget "DevBYReader" */;
			buildPhases = (
				5DB736A718F50C91002443AD /* Sources */,
				5DB736A818F50C91002443AD /* Frameworks */,
				5DB736A918F50C91002443AD /* Resources */,
			);
			buildRules = (
			);
			dependencies = (
			);
			name = DevBYReader;
			productName = DevBYReader;
			productReference = 5DB736AB18F50C91002443AD /* DevBYReader.app */;
			productType = "com.apple.product-type.application";
		};
		5DB736C518F50C91002443AD /* DevBYReaderTests */ = {
			isa = PBXNativeTarget;
			buildConfigurationList = 5DB736DA18F50C91002443AD /* Build configuration list for PBXNativeTarget "DevBYReaderTests" */;
			buildPhases = (
				5DB736C218F50C91002443AD /* Sources */,
				5DB736C318F50C91002443AD /* Frameworks */,
				5DB736C418F50C91002443AD /* Resources */,
			);
			buildRules = (
			);
			dependencies = (
				5DB736CC18F50C91002443AD /* PBXTargetDependency */,
			);
			name = DevBYReaderTests;
			productName = DevBYReaderTests;
			productReference = 5DB736C618F50C91002443AD /* DevBYReaderTests.xctest */;
			productType = "com.apple.product-type.bundle.unit-test";
		};
/* End PBXNativeTarget section */

/* Begin PBXProject section */
		5DB736A318F50C91002443AD /* Project object */ = {
			isa = PBXProject;
			attributes = {
				LastUpgradeCheck = 0510;
				ORGANIZATIONNAME = AD;
				TargetAttributes = {
					5DB736AA18F50C91002443AD = {
						DevelopmentTeam = S6T4VJ437P;
					};
					5DB736C518F50C91002443AD = {
						TestTargetID = 5DB736AA18F50C91002443AD;
					};
				};
			};
			buildConfigurationList = 5DB736A618F50C91002443AD /* Build configuration list for PBXProject "DevBYReader" */;
			compatibilityVersion = "Xcode 3.2";
			developmentRegion = English;
			hasScannedForEncodings = 0;
			knownRegions = (
				en,
			);
			mainGroup = 5DB736A218F50C91002443AD;
			productRefGroup = 5DB736AC18F50C91002443AD /* Products */;
			projectDirPath = "";
			projectRoot = "";
			targets = (
				5DB736AA18F50C91002443AD /* DevBYReader */,
				5DB736C518F50C91002443AD /* DevBYReaderTests */,
			);
		};
/* End PBXProject section */

/* Begin PBXResourcesBuildPhase section */
		5DB736A918F50C91002443AD /* Resources */ = {
			isa = PBXResourcesBuildPhase;
			buildActionMask = 2147483647;
			files = (
				844A151B1907FD67002EDB2E /* img0.png in Resources */,
				844A151E1907FD67002EDB2E /* img3.png in Resources */,
				844A151F1907FD67002EDB2E /* img4.png in Resources */,
				844A15201907FD67002EDB2E /* img5.png in Resources */,
				844A151D1907FD67002EDB2E /* img2.png in Resources */,
				844A151C1907FD67002EDB2E /* img1.png in Resources */,
				8467EE84190BC37A00FC156A /* companyLogo in Resources */,
			);
			runOnlyForDeploymentPostprocessing = 0;
		};
		5DB736C418F50C91002443AD /* Resources */ = {
			isa = PBXResourcesBuildPhase;
			buildActionMask = 2147483647;
			files = (
				5DB736D218F50C91002443AD /* InfoPlist.strings in Resources */,
			);
			runOnlyForDeploymentPostprocessing = 0;
		};
/* End PBXResourcesBuildPhase section */

/* Begin PBXSourcesBuildPhase section */
		5DB736A718F50C91002443AD /* Sources */ = {
			isa = PBXSourcesBuildPhase;
			buildActionMask = 2147483647;
			files = (
				844A14CE1907FD67002EDB2E /* UIViewController+JASidePanel.m in Sources */,
				844A14F61907FD67002EDB2E /* EventDetailModel.m in Sources */,
				84CFCF3C190B085600D026D6 /* CommentsViewController.m in Sources */,
				844A14F71907FD67002EDB2E /* EventModel.m in Sources */,
				844A153E1907FD67002EDB2E /* JobsViewController.m in Sources */,
				844A14DF1907FD67002EDB2E /* EventsTableViewCell.m in Sources */,
				84CFCF3F190B110000D026D6 /* Comment.m in Sources */,
				844A15411907FD67002EDB2E /* EventsViewController.m in Sources */,
				844A15061907FD67002EDB2E /* NewsRepository.m in Sources */,
				84CFCF42190B12B200D026D6 /* CommentRepository.m in Sources */,
				844A14F91907FD67002EDB2E /* NewsModel.m in Sources */,
				844A14BD1907FD19002EDB2E /* ImageHelper.m in Sources */,
				5D508A5318F5E7E700ED88FE /* AppDelegate.m in Sources */,
				844A15441907FD67002EDB2E /* CompaniesViewController.m in Sources */,
				844A14D11907FD67002EDB2E /* JADebugViewController.m in Sources */,
				84ABA6C8190819090087F9E3 /* EventsDetailViewController.m in Sources */,
				844A14CD1907FD67002EDB2E /* JASidePanelController.m in Sources */,
				844A14E01907FD67002EDB2E /* NewsTableViewCell.m in Sources */,
				844A14F81907FD67002EDB2E /* NewsDetailModel.m in Sources */,
				844A15051907FD67002EDB2E /* EventRepository.m in Sources */,
				844A154A1907FD67002EDB2E /* NewsViewController.m in Sources */,
				844A15491907FD67002EDB2E /* NewsDetailViewController.m in Sources */,
				5D508A6B18F5E95400ED88FE /* main.m in Sources */,
				84CFCF45190B12B200D026D6 /* CommentTableViewCell.m in Sources */,
				844A154D1907FD67002EDB2E /* MenuViewController.m in Sources */,
			);
			runOnlyForDeploymentPostprocessing = 0;
		};
		5DB736C218F50C91002443AD /* Sources */ = {
			isa = PBXSourcesBuildPhase;
			buildActionMask = 2147483647;
			files = (
				5DB736D418F50C91002443AD /* DevBYReaderTests.m in Sources */,
			);
			runOnlyForDeploymentPostprocessing = 0;
		};
/* End PBXSourcesBuildPhase section */

/* Begin PBXTargetDependency section */
		5DB736CC18F50C91002443AD /* PBXTargetDependency */ = {
			isa = PBXTargetDependency;
			target = 5DB736AA18F50C91002443AD /* DevBYReader */;
			targetProxy = 5DB736CB18F50C91002443AD /* PBXContainerItemProxy */;
		};
/* End PBXTargetDependency section */

/* Begin PBXVariantGroup section */
		5DB736D018F50C91002443AD /* InfoPlist.strings */ = {
			isa = PBXVariantGroup;
			children = (
				5DB736D118F50C91002443AD /* en */,
			);
			name = InfoPlist.strings;
			sourceTree = "<group>";
		};
/* End PBXVariantGroup section */

/* Begin XCBuildConfiguration section */
		5DB736D518F50C91002443AD /* Debug */ = {
			isa = XCBuildConfiguration;
			buildSettings = {
				ALWAYS_SEARCH_USER_PATHS = NO;
				CLANG_CXX_LANGUAGE_STANDARD = "gnu++0x";
				CLANG_CXX_LIBRARY = "libc++";
				CLANG_ENABLE_MODULES = YES;
				CLANG_ENABLE_OBJC_ARC = YES;
				CLANG_WARN_BOOL_CONVERSION = YES;
				CLANG_WARN_CONSTANT_CONVERSION = YES;
				CLANG_WARN_DIRECT_OBJC_ISA_USAGE = YES_ERROR;
				CLANG_WARN_EMPTY_BODY = YES;
				CLANG_WARN_ENUM_CONVERSION = YES;
				CLANG_WARN_INT_CONVERSION = YES;
				CLANG_WARN_OBJC_ROOT_CLASS = YES_ERROR;
				CLANG_WARN__DUPLICATE_METHOD_MATCH = YES;
				CODE_SIGN_IDENTITY = "iPhone Developer: Eugeny Hil (D6V35V2MGW)";
				"CODE_SIGN_IDENTITY[sdk=iphoneos*]" = "iPhone Developer: Eugeny Hil (D6V35V2MGW)";
				COPY_PHASE_STRIP = NO;
				GCC_C_LANGUAGE_STANDARD = gnu99;
				GCC_DYNAMIC_NO_PIC = NO;
				GCC_OPTIMIZATION_LEVEL = 0;
				GCC_PREPROCESSOR_DEFINITIONS = (
					"DEBUG=1",
					"$(inherited)",
				);
				GCC_SYMBOLS_PRIVATE_EXTERN = NO;
				GCC_WARN_64_TO_32_BIT_CONVERSION = YES;
				GCC_WARN_ABOUT_RETURN_TYPE = YES_ERROR;
				GCC_WARN_UNDECLARED_SELECTOR = YES;
				GCC_WARN_UNINITIALIZED_AUTOS = YES_AGGRESSIVE;
				GCC_WARN_UNUSED_FUNCTION = YES;
				GCC_WARN_UNUSED_VARIABLE = YES;
				IPHONEOS_DEPLOYMENT_TARGET = 7.1;
				ONLY_ACTIVE_ARCH = YES;
				PROVISIONING_PROFILE = "E5F2E7E8-F5C4-46DE-8E68-05A1AF81088E";
				SDKROOT = iphoneos;
			};
			name = Debug;
		};
		5DB736D618F50C91002443AD /* Release */ = {
			isa = XCBuildConfiguration;
			buildSettings = {
				ALWAYS_SEARCH_USER_PATHS = NO;
				CLANG_CXX_LANGUAGE_STANDARD = "gnu++0x";
				CLANG_CXX_LIBRARY = "libc++";
				CLANG_ENABLE_MODULES = YES;
				CLANG_ENABLE_OBJC_ARC = YES;
				CLANG_WARN_BOOL_CONVERSION = YES;
				CLANG_WARN_CONSTANT_CONVERSION = YES;
				CLANG_WARN_DIRECT_OBJC_ISA_USAGE = YES_ERROR;
				CLANG_WARN_EMPTY_BODY = YES;
				CLANG_WARN_ENUM_CONVERSION = YES;
				CLANG_WARN_INT_CONVERSION = YES;
				CLANG_WARN_OBJC_ROOT_CLASS = YES_ERROR;
				CLANG_WARN__DUPLICATE_METHOD_MATCH = YES;
				CODE_SIGN_IDENTITY = "iPhone Developer: Eugeny Hil (D6V35V2MGW)";
				"CODE_SIGN_IDENTITY[sdk=iphoneos*]" = "iPhone Developer: Eugeny Hil (D6V35V2MGW)";
				COPY_PHASE_STRIP = YES;
				ENABLE_NS_ASSERTIONS = NO;
				GCC_C_LANGUAGE_STANDARD = gnu99;
				GCC_WARN_64_TO_32_BIT_CONVERSION = YES;
				GCC_WARN_ABOUT_RETURN_TYPE = YES_ERROR;
				GCC_WARN_UNDECLARED_SELECTOR = YES;
				GCC_WARN_UNINITIALIZED_AUTOS = YES_AGGRESSIVE;
				GCC_WARN_UNUSED_FUNCTION = YES;
				GCC_WARN_UNUSED_VARIABLE = YES;
				IPHONEOS_DEPLOYMENT_TARGET = 7.1;
				PROVISIONING_PROFILE = "E5F2E7E8-F5C4-46DE-8E68-05A1AF81088E";
				SDKROOT = iphoneos;
				VALIDATE_PRODUCT = YES;
			};
			name = Release;
		};
		5DB736D818F50C91002443AD /* Debug */ = {
			isa = XCBuildConfiguration;
			buildSettings = {
				ASSETCATALOG_COMPILER_APPICON_NAME = AppIcon;
				ASSETCATALOG_COMPILER_LAUNCHIMAGE_NAME = LaunchImage;
				CODE_SIGN_IDENTITY = "iPhone Developer: Eugeny Hil (D6V35V2MGW)";
				GCC_PRECOMPILE_PREFIX_HEADER = YES;
				GCC_PREFIX_HEADER = "DevBYReader/DevBYReader-Prefix.pch";
				HEADER_SEARCH_PATHS = "$(SDKROOT)/usr/include/libxml2";
				INFOPLIST_FILE = "DevBYReader/DevBYReader-Info.plist";
				PRODUCT_NAME = "$(TARGET_NAME)";
				PROVISIONING_PROFILE = "E5F2E7E8-F5C4-46DE-8E68-05A1AF81088E";
				WRAPPER_EXTENSION = app;
			};
			name = Debug;
		};
		5DB736D918F50C91002443AD /* Release */ = {
			isa = XCBuildConfiguration;
			buildSettings = {
				ASSETCATALOG_COMPILER_APPICON_NAME = AppIcon;
				ASSETCATALOG_COMPILER_LAUNCHIMAGE_NAME = LaunchImage;
				CODE_SIGN_IDENTITY = "iPhone Developer: Eugeny Hil (D6V35V2MGW)";
				GCC_PRECOMPILE_PREFIX_HEADER = YES;
				GCC_PREFIX_HEADER = "DevBYReader/DevBYReader-Prefix.pch";
				HEADER_SEARCH_PATHS = "$(SDKROOT)/usr/include/libxml2";
				INFOPLIST_FILE = "DevBYReader/DevBYReader-Info.plist";
				PRODUCT_NAME = "$(TARGET_NAME)";
				PROVISIONING_PROFILE = "E5F2E7E8-F5C4-46DE-8E68-05A1AF81088E";
				WRAPPER_EXTENSION = app;
			};
			name = Release;
		};
		5DB736DB18F50C91002443AD /* Debug */ = {
			isa = XCBuildConfiguration;
			buildSettings = {
				BUNDLE_LOADER = "$(BUILT_PRODUCTS_DIR)/DevBYReader.app/DevBYReader";
				FRAMEWORK_SEARCH_PATHS = (
					"$(SDKROOT)/Developer/Library/Frameworks",
					"$(inherited)",
					"$(DEVELOPER_FRAMEWORKS_DIR)",
				);
				GCC_PRECOMPILE_PREFIX_HEADER = YES;
				GCC_PREFIX_HEADER = "DevBYReader/DevBYReader-Prefix.pch";
				GCC_PREPROCESSOR_DEFINITIONS = (
					"DEBUG=1",
					"$(inherited)",
				);
				INFOPLIST_FILE = "DevBYReaderTests/DevBYReaderTests-Info.plist";
				PRODUCT_NAME = "$(TARGET_NAME)";
				TEST_HOST = "$(BUNDLE_LOADER)";
				WRAPPER_EXTENSION = xctest;
			};
			name = Debug;
		};
		5DB736DC18F50C91002443AD /* Release */ = {
			isa = XCBuildConfiguration;
			buildSettings = {
				BUNDLE_LOADER = "$(BUILT_PRODUCTS_DIR)/DevBYReader.app/DevBYReader";
				FRAMEWORK_SEARCH_PATHS = (
					"$(SDKROOT)/Developer/Library/Frameworks",
					"$(inherited)",
					"$(DEVELOPER_FRAMEWORKS_DIR)",
				);
				GCC_PRECOMPILE_PREFIX_HEADER = YES;
				GCC_PREFIX_HEADER = "DevBYReader/DevBYReader-Prefix.pch";
				INFOPLIST_FILE = "DevBYReaderTests/DevBYReaderTests-Info.plist";
				PRODUCT_NAME = "$(TARGET_NAME)";
				TEST_HOST = "$(BUNDLE_LOADER)";
				WRAPPER_EXTENSION = xctest;
			};
			name = Release;
		};
/* End XCBuildConfiguration section */

/* Begin XCConfigurationList section */
		5DB736A618F50C91002443AD /* Build configuration list for PBXProject "DevBYReader" */ = {
			isa = XCConfigurationList;
			buildConfigurations = (
				5DB736D518F50C91002443AD /* Debug */,
				5DB736D618F50C91002443AD /* Release */,
			);
			defaultConfigurationIsVisible = 0;
			defaultConfigurationName = Release;
		};
		5DB736D718F50C91002443AD /* Build configuration list for PBXNativeTarget "DevBYReader" */ = {
			isa = XCConfigurationList;
			buildConfigurations = (
				5DB736D818F50C91002443AD /* Debug */,
				5DB736D918F50C91002443AD /* Release */,
			);
			defaultConfigurationIsVisible = 0;
			defaultConfigurationName = Release;
		};
		5DB736DA18F50C91002443AD /* Build configuration list for PBXNativeTarget "DevBYReaderTests" */ = {
			isa = XCConfigurationList;
			buildConfigurations = (
				5DB736DB18F50C91002443AD /* Debug */,
				5DB736DC18F50C91002443AD /* Release */,
			);
			defaultConfigurationIsVisible = 0;
			defaultConfigurationName = Release;
		};
/* End XCConfigurationList section */
	};
	rootObject = 5DB736A318F50C91002443AD /* Project object */;
}
