// !$*UTF8*$!
{
	archiveVersion = 1;
	classes = {
	};
	objectVersion = 46;
	objects = {

/* Begin PBXBuildFile section */
		5D0B8C3919115DA500A62318 /* MenuViewController.m in Sources */ = {isa = PBXBuildFile; fileRef = 5D0B8C2919115DA500A62318 /* MenuViewController.m */; };
		5D0B8C3A19115DA500A62318 /* MSMainViewController.m in Sources */ = {isa = PBXBuildFile; fileRef = 5D0B8C2B19115DA500A62318 /* MSMainViewController.m */; };
		5D0B8C3B19115DA500A62318 /* MSSlideSystemController.m in Sources */ = {isa = PBXBuildFile; fileRef = 5D0B8C2D19115DA500A62318 /* MSSlideSystemController.m */; };
		5D0B8C3F19115DA500A62318 /* SlideViewController.m in Sources */ = {isa = PBXBuildFile; fileRef = 5D0B8C3519115DA500A62318 /* SlideViewController.m */; };
		5D12A15218F91366005A5BEE /* DetailCompanyViewController.m in Sources */ = {isa = PBXBuildFile; fileRef = 5D12A15118F91365005A5BEE /* DetailCompanyViewController.m */; };
		5D1630B6190BA510005AEE23 /* FeedbackCell.m in Sources */ = {isa = PBXBuildFile; fileRef = 5D1630B5190BA510005AEE23 /* FeedbackCell.m */; };
		5D26DD6A18FC281900914F06 /* CommentsCell.m in Sources */ = {isa = PBXBuildFile; fileRef = 5D26DD6918FC281900914F06 /* CommentsCell.m */; };
		5D26DD7018FC5D8600914F06 /* EventCell.m in Sources */ = {isa = PBXBuildFile; fileRef = 5D26DD6F18FC5D8600914F06 /* EventCell.m */; };
		5D26DD7318FC674800914F06 /* DetailEventViewController.m in Sources */ = {isa = PBXBuildFile; fileRef = 5D26DD7218FC674800914F06 /* DetailEventViewController.m */; };
		5D28ED9418F8A4E80066011D /* CommentsViewController.m in Sources */ = {isa = PBXBuildFile; fileRef = 5D28ED9318F8A4E80066011D /* CommentsViewController.m */; };
		5D29B10F18F7CF8F006DCD4F /* CoreGraphics.framework in Frameworks */ = {isa = PBXBuildFile; fileRef = 5D29B10E18F7CF8F006DCD4F /* CoreGraphics.framework */; };
		5D29B11118F7CF8F006DCD4F /* UIKit.framework in Frameworks */ = {isa = PBXBuildFile; fileRef = 5D29B11018F7CF8F006DCD4F /* UIKit.framework */; };
		5D29B11718F7CF8F006DCD4F /* InfoPlist.strings in Resources */ = {isa = PBXBuildFile; fileRef = 5D29B11518F7CF8F006DCD4F /* InfoPlist.strings */; };
		5D29B11918F7CF8F006DCD4F /* main.m in Sources */ = {isa = PBXBuildFile; fileRef = 5D29B11818F7CF8F006DCD4F /* main.m */; };
		5D29B11D18F7CF8F006DCD4F /* AppDelegate.m in Sources */ = {isa = PBXBuildFile; fileRef = 5D29B11C18F7CF8F006DCD4F /* AppDelegate.m */; };
		5D29B12618F7CF8F006DCD4F /* XCTest.framework in Frameworks */ = {isa = PBXBuildFile; fileRef = 5D29B12518F7CF8F006DCD4F /* XCTest.framework */; };
		5D29B12818F7CF8F006DCD4F /* UIKit.framework in Frameworks */ = {isa = PBXBuildFile; fileRef = 5D29B11018F7CF8F006DCD4F /* UIKit.framework */; };
		5D29B13018F7CF8F006DCD4F /* InfoPlist.strings in Resources */ = {isa = PBXBuildFile; fileRef = 5D29B12E18F7CF8F006DCD4F /* InfoPlist.strings */; };
		5D29B13218F7CF8F006DCD4F /* DevByTests.m in Sources */ = {isa = PBXBuildFile; fileRef = 5D29B13118F7CF8F006DCD4F /* DevByTests.m */; };
		5D2E28E919059FD200C64769 /* PremiumJobCell.m in Sources */ = {isa = PBXBuildFile; fileRef = 5D2E28E819059FD200C64769 /* PremiumJobCell.m */; };
		5D4BF6B31909713900E0E405 /* MiddleJob.m in Sources */ = {isa = PBXBuildFile; fileRef = 5D4BF6B21909713900E0E405 /* MiddleJob.m */; };
		5D82DDCD18F7D0CE009E4D3E /* TFHpple.m in Sources */ = {isa = PBXBuildFile; fileRef = 5D82DDB018F7D0CE009E4D3E /* TFHpple.m */; };
		5D82DDCE18F7D0CE009E4D3E /* TFHppleElement.m in Sources */ = {isa = PBXBuildFile; fileRef = 5D82DDB218F7D0CE009E4D3E /* TFHppleElement.m */; };
		5D82DDCF18F7D0CE009E4D3E /* XPathQuery.m in Sources */ = {isa = PBXBuildFile; fileRef = 5D82DDB418F7D0CE009E4D3E /* XPathQuery.m */; };
		5D82DDD418F7D0CE009E4D3E /* reveal-icon.png in Resources */ = {isa = PBXBuildFile; fileRef = 5D82DDBC18F7D0CE009E4D3E /* reveal-icon.png */; };
		5D82DDD618F7D0CE009E4D3E /* JASidePanelController.m in Sources */ = {isa = PBXBuildFile; fileRef = 5D82DDC118F7D0CE009E4D3E /* JASidePanelController.m */; };
		5D82DDD718F7D0CE009E4D3E /* UIViewController+JASidePanel.m in Sources */ = {isa = PBXBuildFile; fileRef = 5D82DDC318F7D0CE009E4D3E /* UIViewController+JASidePanel.m */; };
		5D82DDD818F7D0CE009E4D3E /* SWRevealViewController.m in Sources */ = {isa = PBXBuildFile; fileRef = 5D82DDC618F7D0CE009E4D3E /* SWRevealViewController.m */; };
		5D82DDDF18F7D305009E4D3E /* EventsViewController.m in Sources */ = {isa = PBXBuildFile; fileRef = 5D82DDDE18F7D305009E4D3E /* EventsViewController.m */; };
		5D82DDEC18F7D312009E4D3E /* CompaniesViewController.m in Sources */ = {isa = PBXBuildFile; fileRef = 5D82DDE218F7D312009E4D3E /* CompaniesViewController.m */; };
		5D82DDEE18F7D312009E4D3E /* HTMLElement.m in Sources */ = {isa = PBXBuildFile; fileRef = 5D82DDE818F7D312009E4D3E /* HTMLElement.m */; };
		5D82DDEF18F7D312009E4D3E /* PostsViewController.m in Sources */ = {isa = PBXBuildFile; fileRef = 5D82DDEB18F7D312009E4D3E /* PostsViewController.m */; };
		5D82DDF218F7D368009E4D3E /* DetailPostsViewController.m in Sources */ = {isa = PBXBuildFile; fileRef = 5D82DDF118F7D368009E4D3E /* DetailPostsViewController.m */; };
		5D82DDF618F7D37E009E4D3E /* VacanciesViewController.m in Sources */ = {isa = PBXBuildFile; fileRef = 5D82DDF518F7D37E009E4D3E /* VacanciesViewController.m */; };
		5D82DE0218F8080A009E4D3E /* ArticleCell.m in Sources */ = {isa = PBXBuildFile; fileRef = 5D82DDFF18F8080A009E4D3E /* ArticleCell.m */; };
		5D82DE0318F8080A009E4D3E /* MainArticleCell.m in Sources */ = {isa = PBXBuildFile; fileRef = 5D82DE0118F8080A009E4D3E /* MainArticleCell.m */; };
		5DA2BEA21912DB3400833C6E /* Comment.m in Sources */ = {isa = PBXBuildFile; fileRef = 5DA2BEA11912DB3400833C6E /* Comment.m */; };
		5DD0888C190624AE008601DB /* PremiumJob.m in Sources */ = {isa = PBXBuildFile; fileRef = 5DD0888B190624AE008601DB /* PremiumJob.m */; };
		5DD0888F1906307E008601DB /* DetailVacanciesViewController.m in Sources */ = {isa = PBXBuildFile; fileRef = 5DD0888E1906307E008601DB /* DetailVacanciesViewController.m */; };
		5DD088921906319D008601DB /* MiddleJobCell.m in Sources */ = {isa = PBXBuildFile; fileRef = 5DD088911906319D008601DB /* MiddleJobCell.m */; };
		5DD08895190631B2008601DB /* StandardJobCell.m in Sources */ = {isa = PBXBuildFile; fileRef = 5DD08894190631B2008601DB /* StandardJobCell.m */; };
		5DD0889819063238008601DB /* Job.m in Sources */ = {isa = PBXBuildFile; fileRef = 5DD0889719063238008601DB /* Job.m */; };
		84014358192F92F00070F12F /* DejalActivityView.m in Sources */ = {isa = PBXBuildFile; fileRef = 84014357192F92F00070F12F /* DejalActivityView.m */; };
		8412794219253A2A0064978A /* PostsParser.m in Sources */ = {isa = PBXBuildFile; fileRef = 8412794119253A2A0064978A /* PostsParser.m */; };
		8412794519253B330064978A /* PostDetail.m in Sources */ = {isa = PBXBuildFile; fileRef = 8412794419253B330064978A /* PostDetail.m */; };
		84127948192540EC0064978A /* Post.m in Sources */ = {isa = PBXBuildFile; fileRef = 84127947192540EC0064978A /* Post.m */; };
		8417D6DD192D25A5002FAF78 /* CommentsButton.m in Sources */ = {isa = PBXBuildFile; fileRef = 8417D6DC192D25A5002FAF78 /* CommentsButton.m */; };
		841EDE2E191C171A0041923B /* CommentsParser.m in Sources */ = {isa = PBXBuildFile; fileRef = 841EDE21191C171A0041923B /* CommentsParser.m */; };
		841EDE2F191C171A0041923B /* CompaniesParser.m in Sources */ = {isa = PBXBuildFile; fileRef = 841EDE24191C171A0041923B /* CompaniesParser.m */; };
		841EDE30191C171A0041923B /* EventsParser.m in Sources */ = {isa = PBXBuildFile; fileRef = 841EDE27191C171A0041923B /* EventsParser.m */; };
		841EDE31191C171A0041923B /* ReviewsParser.m in Sources */ = {isa = PBXBuildFile; fileRef = 841EDE2A191C171A0041923B /* ReviewsParser.m */; };
		841EDE32191C171A0041923B /* TextConverter.m in Sources */ = {isa = PBXBuildFile; fileRef = 841EDE2D191C171A0041923B /* TextConverter.m */; };
		841EDE3D191C17580041923B /* Company.m in Sources */ = {isa = PBXBuildFile; fileRef = 841EDE34191C17580041923B /* Company.m */; };
		841EDE3E191C17580041923B /* CompanyDetail.m in Sources */ = {isa = PBXBuildFile; fileRef = 841EDE36191C17580041923B /* CompanyDetail.m */; };
		841EDE3F191C17580041923B /* Event.m in Sources */ = {isa = PBXBuildFile; fileRef = 841EDE38191C17580041923B /* Event.m */; };
		841EDE40191C17580041923B /* EventDetail.m in Sources */ = {isa = PBXBuildFile; fileRef = 841EDE3A191C17580041923B /* EventDetail.m */; };
		841EDE41191C17580041923B /* Review.m in Sources */ = {isa = PBXBuildFile; fileRef = 841EDE3C191C17580041923B /* Review.m */; };
		8425E42B190D218700BB966E /* libxml2.2.dylib in Frameworks */ = {isa = PBXBuildFile; fileRef = 8425E42A190D218700BB966E /* libxml2.2.dylib */; };
		84B1ED4E191E131E006603FC /* DevBy-Info.plist in Resources */ = {isa = PBXBuildFile; fileRef = 84B1ED4D191E131E006603FC /* DevBy-Info.plist */; };
		84DCD4E219474DEE00AC0A28 /* AFHTTPRequestOperation.m in Sources */ = {isa = PBXBuildFile; fileRef = 84DCD4D019474DEE00AC0A28 /* AFHTTPRequestOperation.m */; };
		84DCD4E319474DEE00AC0A28 /* AFHTTPRequestOperationManager.m in Sources */ = {isa = PBXBuildFile; fileRef = 84DCD4D219474DEE00AC0A28 /* AFHTTPRequestOperationManager.m */; };
		84DCD4E419474DEE00AC0A28 /* AFHTTPSessionManager.m in Sources */ = {isa = PBXBuildFile; fileRef = 84DCD4D419474DEE00AC0A28 /* AFHTTPSessionManager.m */; };
		84DCD4E519474DEE00AC0A28 /* AFNetworkReachabilityManager.m in Sources */ = {isa = PBXBuildFile; fileRef = 84DCD4D719474DEE00AC0A28 /* AFNetworkReachabilityManager.m */; };
		84DCD4E619474DEE00AC0A28 /* AFSecurityPolicy.m in Sources */ = {isa = PBXBuildFile; fileRef = 84DCD4D919474DEE00AC0A28 /* AFSecurityPolicy.m */; };
		84DCD4E719474DEE00AC0A28 /* AFURLConnectionOperation.m in Sources */ = {isa = PBXBuildFile; fileRef = 84DCD4DB19474DEE00AC0A28 /* AFURLConnectionOperation.m */; };
		84DCD4E819474DEE00AC0A28 /* AFURLRequestSerialization.m in Sources */ = {isa = PBXBuildFile; fileRef = 84DCD4DD19474DEE00AC0A28 /* AFURLRequestSerialization.m */; };
		84DCD4E919474DEE00AC0A28 /* AFURLResponseSerialization.m in Sources */ = {isa = PBXBuildFile; fileRef = 84DCD4DF19474DEE00AC0A28 /* AFURLResponseSerialization.m */; };
		84DCD4EA19474DEE00AC0A28 /* AFURLSessionManager.m in Sources */ = {isa = PBXBuildFile; fileRef = 84DCD4E119474DEE00AC0A28 /* AFURLSessionManager.m */; };
		84DCD51A19474EDC00AC0A28 /* AFNetworkActivityIndicatorManager.m in Sources */ = {isa = PBXBuildFile; fileRef = 84DCD50A19474EDC00AC0A28 /* AFNetworkActivityIndicatorManager.m */; };
		84DCD51B19474EDC00AC0A28 /* UIActivityIndicatorView+AFNetworking.m in Sources */ = {isa = PBXBuildFile; fileRef = 84DCD50C19474EDC00AC0A28 /* UIActivityIndicatorView+AFNetworking.m */; };
		84DCD51C19474EDC00AC0A28 /* UIAlertView+AFNetworking.m in Sources */ = {isa = PBXBuildFile; fileRef = 84DCD50E19474EDC00AC0A28 /* UIAlertView+AFNetworking.m */; };
		84DCD51D19474EDC00AC0A28 /* UIButton+AFNetworking.m in Sources */ = {isa = PBXBuildFile; fileRef = 84DCD51019474EDC00AC0A28 /* UIButton+AFNetworking.m */; };
		84DCD51E19474EDC00AC0A28 /* UIImageView+AFNetworking.m in Sources */ = {isa = PBXBuildFile; fileRef = 84DCD51219474EDC00AC0A28 /* UIImageView+AFNetworking.m */; };
		84DCD51F19474EDC00AC0A28 /* UIProgressView+AFNetworking.m in Sources */ = {isa = PBXBuildFile; fileRef = 84DCD51519474EDC00AC0A28 /* UIProgressView+AFNetworking.m */; };
		84DCD52019474EDC00AC0A28 /* UIRefreshControl+AFNetworking.m in Sources */ = {isa = PBXBuildFile; fileRef = 84DCD51719474EDC00AC0A28 /* UIRefreshControl+AFNetworking.m */; };
		84DCD52119474EDC00AC0A28 /* UIWebView+AFNetworking.m in Sources */ = {isa = PBXBuildFile; fileRef = 84DCD51919474EDC00AC0A28 /* UIWebView+AFNetworking.m */; };
		84ED696B1948957B00F4A5E3 /* CompaniesListSerializer.m in Sources */ = {isa = PBXBuildFile; fileRef = 84ED696A1948957B00F4A5E3 /* CompaniesListSerializer.m */; };
/* End PBXBuildFile section */

/* Begin PBXContainerItemProxy section */
		5D29B12918F7CF8F006DCD4F /* PBXContainerItemProxy */ = {
			isa = PBXContainerItemProxy;
			containerPortal = 5D29B10118F7CF8F006DCD4F /* Project object */;
			proxyType = 1;
			remoteGlobalIDString = 5D29B10818F7CF8F006DCD4F;
			remoteInfo = DevBy;
		};
/* End PBXContainerItemProxy section */

/* Begin PBXFileReference section */
		5D0B8C2819115DA500A62318 /* MenuViewController.h */ = {isa = PBXFileReference; fileEncoding = 4; lastKnownFileType = sourcecode.c.h; path = MenuViewController.h; sourceTree = "<group>"; };
		5D0B8C2919115DA500A62318 /* MenuViewController.m */ = {isa = PBXFileReference; fileEncoding = 4; lastKnownFileType = sourcecode.c.objc; path = MenuViewController.m; sourceTree = "<group>"; };
		5D0B8C2A19115DA500A62318 /* MSMainViewController.h */ = {isa = PBXFileReference; fileEncoding = 4; lastKnownFileType = sourcecode.c.h; path = MSMainViewController.h; sourceTree = "<group>"; };
		5D0B8C2B19115DA500A62318 /* MSMainViewController.m */ = {isa = PBXFileReference; fileEncoding = 4; lastKnownFileType = sourcecode.c.objc; path = MSMainViewController.m; sourceTree = "<group>"; };
		5D0B8C2C19115DA500A62318 /* MSSlideSystemController.h */ = {isa = PBXFileReference; fileEncoding = 4; lastKnownFileType = sourcecode.c.h; path = MSSlideSystemController.h; sourceTree = "<group>"; };
		5D0B8C2D19115DA500A62318 /* MSSlideSystemController.m */ = {isa = PBXFileReference; fileEncoding = 4; lastKnownFileType = sourcecode.c.objc; path = MSSlideSystemController.m; sourceTree = "<group>"; };
		5D0B8C3419115DA500A62318 /* SlideViewController.h */ = {isa = PBXFileReference; fileEncoding = 4; lastKnownFileType = sourcecode.c.h; path = SlideViewController.h; sourceTree = "<group>"; };
		5D0B8C3519115DA500A62318 /* SlideViewController.m */ = {isa = PBXFileReference; fileEncoding = 4; lastKnownFileType = sourcecode.c.objc; path = SlideViewController.m; sourceTree = "<group>"; };
		5D12A15018F91365005A5BEE /* DetailCompanyViewController.h */ = {isa = PBXFileReference; fileEncoding = 4; lastKnownFileType = sourcecode.c.h; path = DetailCompanyViewController.h; sourceTree = "<group>"; };
		5D12A15118F91365005A5BEE /* DetailCompanyViewController.m */ = {isa = PBXFileReference; fileEncoding = 4; lastKnownFileType = sourcecode.c.objc; path = DetailCompanyViewController.m; sourceTree = "<group>"; };
		5D1630B4190BA510005AEE23 /* FeedbackCell.h */ = {isa = PBXFileReference; fileEncoding = 4; lastKnownFileType = sourcecode.c.h; path = FeedbackCell.h; sourceTree = "<group>"; };
		5D1630B5190BA510005AEE23 /* FeedbackCell.m */ = {isa = PBXFileReference; fileEncoding = 4; lastKnownFileType = sourcecode.c.objc; path = FeedbackCell.m; sourceTree = "<group>"; };
		5D26DD6818FC281900914F06 /* CommentsCell.h */ = {isa = PBXFileReference; fileEncoding = 4; lastKnownFileType = sourcecode.c.h; path = CommentsCell.h; sourceTree = "<group>"; };
		5D26DD6918FC281900914F06 /* CommentsCell.m */ = {isa = PBXFileReference; fileEncoding = 4; lastKnownFileType = sourcecode.c.objc; path = CommentsCell.m; sourceTree = "<group>"; };
		5D26DD6E18FC5D8600914F06 /* EventCell.h */ = {isa = PBXFileReference; fileEncoding = 4; lastKnownFileType = sourcecode.c.h; path = EventCell.h; sourceTree = "<group>"; };
		5D26DD6F18FC5D8600914F06 /* EventCell.m */ = {isa = PBXFileReference; fileEncoding = 4; lastKnownFileType = sourcecode.c.objc; path = EventCell.m; sourceTree = "<group>"; };
		5D26DD7118FC674800914F06 /* DetailEventViewController.h */ = {isa = PBXFileReference; fileEncoding = 4; lastKnownFileType = sourcecode.c.h; path = DetailEventViewController.h; sourceTree = "<group>"; };
		5D26DD7218FC674800914F06 /* DetailEventViewController.m */ = {isa = PBXFileReference; fileEncoding = 4; lastKnownFileType = sourcecode.c.objc; path = DetailEventViewController.m; sourceTree = "<group>"; };
		5D26EAE7190BD56F00ED47FC /* Constants.h */ = {isa = PBXFileReference; lastKnownFileType = sourcecode.c.h; path = Constants.h; sourceTree = "<group>"; };
		5D28ED9218F8A4E80066011D /* CommentsViewController.h */ = {isa = PBXFileReference; fileEncoding = 4; lastKnownFileType = sourcecode.c.h; path = CommentsViewController.h; sourceTree = "<group>"; };
		5D28ED9318F8A4E80066011D /* CommentsViewController.m */ = {isa = PBXFileReference; fileEncoding = 4; lastKnownFileType = sourcecode.c.objc; path = CommentsViewController.m; sourceTree = "<group>"; };
		5D29B10918F7CF8F006DCD4F /* DevBy.app */ = {isa = PBXFileReference; explicitFileType = wrapper.application; includeInIndex = 0; path = DevBy.app; sourceTree = BUILT_PRODUCTS_DIR; };
		5D29B10E18F7CF8F006DCD4F /* CoreGraphics.framework */ = {isa = PBXFileReference; lastKnownFileType = wrapper.framework; name = CoreGraphics.framework; path = System/Library/Frameworks/CoreGraphics.framework; sourceTree = SDKROOT; };
		5D29B11018F7CF8F006DCD4F /* UIKit.framework */ = {isa = PBXFileReference; lastKnownFileType = wrapper.framework; name = UIKit.framework; path = System/Library/Frameworks/UIKit.framework; sourceTree = SDKROOT; };
		5D29B11618F7CF8F006DCD4F /* en */ = {isa = PBXFileReference; lastKnownFileType = text.plist.strings; name = en; path = en.lproj/InfoPlist.strings; sourceTree = "<group>"; };
		5D29B11818F7CF8F006DCD4F /* main.m */ = {isa = PBXFileReference; lastKnownFileType = sourcecode.c.objc; path = main.m; sourceTree = "<group>"; };
		5D29B11A18F7CF8F006DCD4F /* DevBy-Prefix.pch */ = {isa = PBXFileReference; lastKnownFileType = sourcecode.c.h; path = "DevBy-Prefix.pch"; sourceTree = "<group>"; };
		5D29B11B18F7CF8F006DCD4F /* AppDelegate.h */ = {isa = PBXFileReference; lastKnownFileType = sourcecode.c.h; path = AppDelegate.h; sourceTree = "<group>"; };
		5D29B11C18F7CF8F006DCD4F /* AppDelegate.m */ = {isa = PBXFileReference; lastKnownFileType = sourcecode.c.objc; path = AppDelegate.m; sourceTree = "<group>"; };
		5D29B12418F7CF8F006DCD4F /* DevByTests.xctest */ = {isa = PBXFileReference; explicitFileType = wrapper.cfbundle; includeInIndex = 0; path = DevByTests.xctest; sourceTree = BUILT_PRODUCTS_DIR; };
		5D29B12518F7CF8F006DCD4F /* XCTest.framework */ = {isa = PBXFileReference; lastKnownFileType = wrapper.framework; name = XCTest.framework; path = Library/Frameworks/XCTest.framework; sourceTree = DEVELOPER_DIR; };
		5D29B12D18F7CF8F006DCD4F /* DevByTests-Info.plist */ = {isa = PBXFileReference; lastKnownFileType = text.plist.xml; path = "DevByTests-Info.plist"; sourceTree = "<group>"; };
		5D29B12F18F7CF8F006DCD4F /* en */ = {isa = PBXFileReference; lastKnownFileType = text.plist.strings; name = en; path = en.lproj/InfoPlist.strings; sourceTree = "<group>"; };
		5D29B13118F7CF8F006DCD4F /* DevByTests.m */ = {isa = PBXFileReference; lastKnownFileType = sourcecode.c.objc; path = DevByTests.m; sourceTree = "<group>"; };
		5D2E28E719059FD200C64769 /* PremiumJobCell.h */ = {isa = PBXFileReference; fileEncoding = 4; lastKnownFileType = sourcecode.c.h; path = PremiumJobCell.h; sourceTree = "<group>"; };
		5D2E28E819059FD200C64769 /* PremiumJobCell.m */ = {isa = PBXFileReference; fileEncoding = 4; lastKnownFileType = sourcecode.c.objc; path = PremiumJobCell.m; sourceTree = "<group>"; };
		5D4BF6B11909713900E0E405 /* MiddleJob.h */ = {isa = PBXFileReference; fileEncoding = 4; lastKnownFileType = sourcecode.c.h; path = MiddleJob.h; sourceTree = "<group>"; };
		5D4BF6B21909713900E0E405 /* MiddleJob.m */ = {isa = PBXFileReference; fileEncoding = 4; lastKnownFileType = sourcecode.c.objc; path = MiddleJob.m; sourceTree = "<group>"; };
		5D82DDAB18F7D0CE009E4D3E /* en */ = {isa = PBXFileReference; lastKnownFileType = text.plist.strings; name = en; path = InfoPlist.strings; sourceTree = "<group>"; };
		5D82DDAF18F7D0CE009E4D3E /* TFHpple.h */ = {isa = PBXFileReference; fileEncoding = 4; lastKnownFileType = sourcecode.c.h; path = TFHpple.h; sourceTree = "<group>"; };
		5D82DDB018F7D0CE009E4D3E /* TFHpple.m */ = {isa = PBXFileReference; fileEncoding = 4; lastKnownFileType = sourcecode.c.objc; path = TFHpple.m; sourceTree = "<group>"; };
		5D82DDB118F7D0CE009E4D3E /* TFHppleElement.h */ = {isa = PBXFileReference; fileEncoding = 4; lastKnownFileType = sourcecode.c.h; path = TFHppleElement.h; sourceTree = "<group>"; };
		5D82DDB218F7D0CE009E4D3E /* TFHppleElement.m */ = {isa = PBXFileReference; fileEncoding = 4; lastKnownFileType = sourcecode.c.objc; path = TFHppleElement.m; sourceTree = "<group>"; };
		5D82DDB318F7D0CE009E4D3E /* XPathQuery.h */ = {isa = PBXFileReference; fileEncoding = 4; lastKnownFileType = sourcecode.c.h; path = XPathQuery.h; sourceTree = "<group>"; };
		5D82DDB418F7D0CE009E4D3E /* XPathQuery.m */ = {isa = PBXFileReference; fileEncoding = 4; lastKnownFileType = sourcecode.c.objc; path = XPathQuery.m; sourceTree = "<group>"; };
		5D82DDBC18F7D0CE009E4D3E /* reveal-icon.png */ = {isa = PBXFileReference; lastKnownFileType = image.png; path = "reveal-icon.png"; sourceTree = "<group>"; };
		5D82DDC018F7D0CE009E4D3E /* JASidePanelController.h */ = {isa = PBXFileReference; fileEncoding = 4; lastKnownFileType = sourcecode.c.h; path = JASidePanelController.h; sourceTree = "<group>"; };
		5D82DDC118F7D0CE009E4D3E /* JASidePanelController.m */ = {isa = PBXFileReference; fileEncoding = 4; lastKnownFileType = sourcecode.c.objc; path = JASidePanelController.m; sourceTree = "<group>"; };
		5D82DDC218F7D0CE009E4D3E /* UIViewController+JASidePanel.h */ = {isa = PBXFileReference; fileEncoding = 4; lastKnownFileType = sourcecode.c.h; path = "UIViewController+JASidePanel.h"; sourceTree = "<group>"; };
		5D82DDC318F7D0CE009E4D3E /* UIViewController+JASidePanel.m */ = {isa = PBXFileReference; fileEncoding = 4; lastKnownFileType = sourcecode.c.objc; path = "UIViewController+JASidePanel.m"; sourceTree = "<group>"; };
		5D82DDC518F7D0CE009E4D3E /* SWRevealViewController.h */ = {isa = PBXFileReference; fileEncoding = 4; lastKnownFileType = sourcecode.c.h; path = SWRevealViewController.h; sourceTree = "<group>"; };
		5D82DDC618F7D0CE009E4D3E /* SWRevealViewController.m */ = {isa = PBXFileReference; fileEncoding = 4; lastKnownFileType = sourcecode.c.objc; path = SWRevealViewController.m; sourceTree = "<group>"; };
		5D82DDDD18F7D305009E4D3E /* EventsViewController.h */ = {isa = PBXFileReference; fileEncoding = 4; lastKnownFileType = sourcecode.c.h; path = EventsViewController.h; sourceTree = "<group>"; };
		5D82DDDE18F7D305009E4D3E /* EventsViewController.m */ = {isa = PBXFileReference; fileEncoding = 4; lastKnownFileType = sourcecode.c.objc; path = EventsViewController.m; sourceTree = "<group>"; };
		5D82DDE118F7D312009E4D3E /* CompaniesViewController.h */ = {isa = PBXFileReference; fileEncoding = 4; lastKnownFileType = sourcecode.c.h; path = CompaniesViewController.h; sourceTree = "<group>"; };
		5D82DDE218F7D312009E4D3E /* CompaniesViewController.m */ = {isa = PBXFileReference; fileEncoding = 4; lastKnownFileType = sourcecode.c.objc; path = CompaniesViewController.m; sourceTree = "<group>"; };
		5D82DDE718F7D312009E4D3E /* HTMLElement.h */ = {isa = PBXFileReference; fileEncoding = 4; lastKnownFileType = sourcecode.c.h; path = HTMLElement.h; sourceTree = "<group>"; };
		5D82DDE818F7D312009E4D3E /* HTMLElement.m */ = {isa = PBXFileReference; fileEncoding = 4; lastKnownFileType = sourcecode.c.objc; path = HTMLElement.m; sourceTree = "<group>"; };
		5D82DDEA18F7D312009E4D3E /* PostsViewController.h */ = {isa = PBXFileReference; fileEncoding = 4; lastKnownFileType = sourcecode.c.h; path = PostsViewController.h; sourceTree = "<group>"; };
		5D82DDEB18F7D312009E4D3E /* PostsViewController.m */ = {isa = PBXFileReference; fileEncoding = 4; lastKnownFileType = sourcecode.c.objc; path = PostsViewController.m; sourceTree = "<group>"; };
		5D82DDF018F7D368009E4D3E /* DetailPostsViewController.h */ = {isa = PBXFileReference; fileEncoding = 4; lastKnownFileType = sourcecode.c.h; path = DetailPostsViewController.h; sourceTree = "<group>"; };
		5D82DDF118F7D368009E4D3E /* DetailPostsViewController.m */ = {isa = PBXFileReference; fileEncoding = 4; lastKnownFileType = sourcecode.c.objc; path = DetailPostsViewController.m; sourceTree = "<group>"; };
		5D82DDF418F7D37E009E4D3E /* VacanciesViewController.h */ = {isa = PBXFileReference; fileEncoding = 4; lastKnownFileType = sourcecode.c.h; path = VacanciesViewController.h; sourceTree = "<group>"; };
		5D82DDF518F7D37E009E4D3E /* VacanciesViewController.m */ = {isa = PBXFileReference; fileEncoding = 4; lastKnownFileType = sourcecode.c.objc; path = VacanciesViewController.m; sourceTree = "<group>"; };
		5D82DDFE18F8080A009E4D3E /* ArticleCell.h */ = {isa = PBXFileReference; fileEncoding = 4; lastKnownFileType = sourcecode.c.h; path = ArticleCell.h; sourceTree = "<group>"; };
		5D82DDFF18F8080A009E4D3E /* ArticleCell.m */ = {isa = PBXFileReference; fileEncoding = 4; lastKnownFileType = sourcecode.c.objc; path = ArticleCell.m; sourceTree = "<group>"; };
		5D82DE0018F8080A009E4D3E /* MainArticleCell.h */ = {isa = PBXFileReference; fileEncoding = 4; lastKnownFileType = sourcecode.c.h; path = MainArticleCell.h; sourceTree = "<group>"; };
		5D82DE0118F8080A009E4D3E /* MainArticleCell.m */ = {isa = PBXFileReference; fileEncoding = 4; lastKnownFileType = sourcecode.c.objc; path = MainArticleCell.m; sourceTree = "<group>"; };
		5DA2BEA01912DB3400833C6E /* Comment.h */ = {isa = PBXFileReference; fileEncoding = 4; lastKnownFileType = sourcecode.c.h; path = Comment.h; sourceTree = "<group>"; };
		5DA2BEA11912DB3400833C6E /* Comment.m */ = {isa = PBXFileReference; fileEncoding = 4; lastKnownFileType = sourcecode.c.objc; path = Comment.m; sourceTree = "<group>"; };
		5DD0888A190624AE008601DB /* PremiumJob.h */ = {isa = PBXFileReference; fileEncoding = 4; lastKnownFileType = sourcecode.c.h; path = PremiumJob.h; sourceTree = "<group>"; };
		5DD0888B190624AE008601DB /* PremiumJob.m */ = {isa = PBXFileReference; fileEncoding = 4; lastKnownFileType = sourcecode.c.objc; path = PremiumJob.m; sourceTree = "<group>"; };
		5DD0888D1906307E008601DB /* DetailVacanciesViewController.h */ = {isa = PBXFileReference; fileEncoding = 4; lastKnownFileType = sourcecode.c.h; path = DetailVacanciesViewController.h; sourceTree = "<group>"; };
		5DD0888E1906307E008601DB /* DetailVacanciesViewController.m */ = {isa = PBXFileReference; fileEncoding = 4; lastKnownFileType = sourcecode.c.objc; path = DetailVacanciesViewController.m; sourceTree = "<group>"; };
		5DD088901906319D008601DB /* MiddleJobCell.h */ = {isa = PBXFileReference; fileEncoding = 4; lastKnownFileType = sourcecode.c.h; path = MiddleJobCell.h; sourceTree = "<group>"; };
		5DD088911906319D008601DB /* MiddleJobCell.m */ = {isa = PBXFileReference; fileEncoding = 4; lastKnownFileType = sourcecode.c.objc; path = MiddleJobCell.m; sourceTree = "<group>"; };
		5DD08893190631B2008601DB /* StandardJobCell.h */ = {isa = PBXFileReference; fileEncoding = 4; lastKnownFileType = sourcecode.c.h; path = StandardJobCell.h; sourceTree = "<group>"; };
		5DD08894190631B2008601DB /* StandardJobCell.m */ = {isa = PBXFileReference; fileEncoding = 4; lastKnownFileType = sourcecode.c.objc; path = StandardJobCell.m; sourceTree = "<group>"; };
		5DD0889619063238008601DB /* Job.h */ = {isa = PBXFileReference; fileEncoding = 4; lastKnownFileType = sourcecode.c.h; path = Job.h; sourceTree = "<group>"; };
		5DD0889719063238008601DB /* Job.m */ = {isa = PBXFileReference; fileEncoding = 4; lastKnownFileType = sourcecode.c.objc; path = Job.m; sourceTree = "<group>"; };
		84014356192F92F00070F12F /* DejalActivityView.h */ = {isa = PBXFileReference; fileEncoding = 4; lastKnownFileType = sourcecode.c.h; path = DejalActivityView.h; sourceTree = "<group>"; };
		84014357192F92F00070F12F /* DejalActivityView.m */ = {isa = PBXFileReference; fileEncoding = 4; lastKnownFileType = sourcecode.c.objc; path = DejalActivityView.m; sourceTree = "<group>"; };
		8412794019253A2A0064978A /* PostsParser.h */ = {isa = PBXFileReference; fileEncoding = 4; lastKnownFileType = sourcecode.c.h; path = PostsParser.h; sourceTree = "<group>"; };
		8412794119253A2A0064978A /* PostsParser.m */ = {isa = PBXFileReference; fileEncoding = 4; lastKnownFileType = sourcecode.c.objc; path = PostsParser.m; sourceTree = "<group>"; };
		8412794319253B330064978A /* PostDetail.h */ = {isa = PBXFileReference; fileEncoding = 4; lastKnownFileType = sourcecode.c.h; path = PostDetail.h; sourceTree = "<group>"; };
		8412794419253B330064978A /* PostDetail.m */ = {isa = PBXFileReference; fileEncoding = 4; lastKnownFileType = sourcecode.c.objc; path = PostDetail.m; sourceTree = "<group>"; };
		84127946192540EC0064978A /* Post.h */ = {isa = PBXFileReference; fileEncoding = 4; lastKnownFileType = sourcecode.c.h; path = Post.h; sourceTree = "<group>"; };
		84127947192540EC0064978A /* Post.m */ = {isa = PBXFileReference; fileEncoding = 4; lastKnownFileType = sourcecode.c.objc; path = Post.m; sourceTree = "<group>"; };
		8417D6DB192D25A5002FAF78 /* CommentsButton.h */ = {isa = PBXFileReference; fileEncoding = 4; lastKnownFileType = sourcecode.c.h; path = CommentsButton.h; sourceTree = "<group>"; };
		8417D6DC192D25A5002FAF78 /* CommentsButton.m */ = {isa = PBXFileReference; fileEncoding = 4; lastKnownFileType = sourcecode.c.objc; path = CommentsButton.m; sourceTree = "<group>"; };
		841EDE20191C171A0041923B /* CommentsParser.h */ = {isa = PBXFileReference; fileEncoding = 4; lastKnownFileType = sourcecode.c.h; path = CommentsParser.h; sourceTree = "<group>"; };
		841EDE21191C171A0041923B /* CommentsParser.m */ = {isa = PBXFileReference; fileEncoding = 4; lastKnownFileType = sourcecode.c.objc; path = CommentsParser.m; sourceTree = "<group>"; };
		841EDE23191C171A0041923B /* CompaniesParser.h */ = {isa = PBXFileReference; fileEncoding = 4; lastKnownFileType = sourcecode.c.h; path = CompaniesParser.h; sourceTree = "<group>"; };
		841EDE24191C171A0041923B /* CompaniesParser.m */ = {isa = PBXFileReference; fileEncoding = 4; lastKnownFileType = sourcecode.c.objc; path = CompaniesParser.m; sourceTree = "<group>"; };
		841EDE26191C171A0041923B /* EventsParser.h */ = {isa = PBXFileReference; fileEncoding = 4; lastKnownFileType = sourcecode.c.h; path = EventsParser.h; sourceTree = "<group>"; };
		841EDE27191C171A0041923B /* EventsParser.m */ = {isa = PBXFileReference; fileEncoding = 4; lastKnownFileType = sourcecode.c.objc; path = EventsParser.m; sourceTree = "<group>"; };
		841EDE29191C171A0041923B /* ReviewsParser.h */ = {isa = PBXFileReference; fileEncoding = 4; lastKnownFileType = sourcecode.c.h; path = ReviewsParser.h; sourceTree = "<group>"; };
		841EDE2A191C171A0041923B /* ReviewsParser.m */ = {isa = PBXFileReference; fileEncoding = 4; lastKnownFileType = sourcecode.c.objc; path = ReviewsParser.m; sourceTree = "<group>"; };
		841EDE2C191C171A0041923B /* TextConverter.h */ = {isa = PBXFileReference; fileEncoding = 4; lastKnownFileType = sourcecode.c.h; path = TextConverter.h; sourceTree = "<group>"; };
		841EDE2D191C171A0041923B /* TextConverter.m */ = {isa = PBXFileReference; fileEncoding = 4; lastKnownFileType = sourcecode.c.objc; path = TextConverter.m; sourceTree = "<group>"; };
		841EDE33191C17580041923B /* Company.h */ = {isa = PBXFileReference; fileEncoding = 4; lastKnownFileType = sourcecode.c.h; path = Company.h; sourceTree = "<group>"; };
		841EDE34191C17580041923B /* Company.m */ = {isa = PBXFileReference; fileEncoding = 4; lastKnownFileType = sourcecode.c.objc; path = Company.m; sourceTree = "<group>"; };
		841EDE35191C17580041923B /* CompanyDetail.h */ = {isa = PBXFileReference; fileEncoding = 4; lastKnownFileType = sourcecode.c.h; path = CompanyDetail.h; sourceTree = "<group>"; };
		841EDE36191C17580041923B /* CompanyDetail.m */ = {isa = PBXFileReference; fileEncoding = 4; lastKnownFileType = sourcecode.c.objc; path = CompanyDetail.m; sourceTree = "<group>"; };
		841EDE37191C17580041923B /* Event.h */ = {isa = PBXFileReference; fileEncoding = 4; lastKnownFileType = sourcecode.c.h; path = Event.h; sourceTree = "<group>"; };
		841EDE38191C17580041923B /* Event.m */ = {isa = PBXFileReference; fileEncoding = 4; lastKnownFileType = sourcecode.c.objc; path = Event.m; sourceTree = "<group>"; };
		841EDE39191C17580041923B /* EventDetail.h */ = {isa = PBXFileReference; fileEncoding = 4; lastKnownFileType = sourcecode.c.h; path = EventDetail.h; sourceTree = "<group>"; };
		841EDE3A191C17580041923B /* EventDetail.m */ = {isa = PBXFileReference; fileEncoding = 4; lastKnownFileType = sourcecode.c.objc; path = EventDetail.m; sourceTree = "<group>"; };
		841EDE3B191C17580041923B /* Review.h */ = {isa = PBXFileReference; fileEncoding = 4; lastKnownFileType = sourcecode.c.h; path = Review.h; sourceTree = "<group>"; };
		841EDE3C191C17580041923B /* Review.m */ = {isa = PBXFileReference; fileEncoding = 4; lastKnownFileType = sourcecode.c.objc; path = Review.m; sourceTree = "<group>"; };
		8425E42A190D218700BB966E /* libxml2.2.dylib */ = {isa = PBXFileReference; lastKnownFileType = "compiled.mach-o.dylib"; name = libxml2.2.dylib; path = ../Desktop/Storage/Resources/libxml2.2.dylib; sourceTree = "<group>"; };
		84B1ED4D191E131E006603FC /* DevBy-Info.plist */ = {isa = PBXFileReference; fileEncoding = 4; lastKnownFileType = text.plist.xml; path = "DevBy-Info.plist"; sourceTree = "<group>"; };
		84D6FCB119213F9800AFA81D /* Protocols.h */ = {isa = PBXFileReference; fileEncoding = 4; lastKnownFileType = sourcecode.c.h; path = Protocols.h; sourceTree = "<group>"; };
		84DCD4CF19474DEE00AC0A28 /* AFHTTPRequestOperation.h */ = {isa = PBXFileReference; fileEncoding = 4; lastKnownFileType = sourcecode.c.h; name = AFHTTPRequestOperation.h; path = AFNetworking/AFHTTPRequestOperation.h; sourceTree = "<group>"; };
		84DCD4D019474DEE00AC0A28 /* AFHTTPRequestOperation.m */ = {isa = PBXFileReference; fileEncoding = 4; lastKnownFileType = sourcecode.c.objc; name = AFHTTPRequestOperation.m; path = AFNetworking/AFHTTPRequestOperation.m; sourceTree = "<group>"; };
		84DCD4D119474DEE00AC0A28 /* AFHTTPRequestOperationManager.h */ = {isa = PBXFileReference; fileEncoding = 4; lastKnownFileType = sourcecode.c.h; name = AFHTTPRequestOperationManager.h; path = AFNetworking/AFHTTPRequestOperationManager.h; sourceTree = "<group>"; };
		84DCD4D219474DEE00AC0A28 /* AFHTTPRequestOperationManager.m */ = {isa = PBXFileReference; fileEncoding = 4; lastKnownFileType = sourcecode.c.objc; name = AFHTTPRequestOperationManager.m; path = AFNetworking/AFHTTPRequestOperationManager.m; sourceTree = "<group>"; };
		84DCD4D319474DEE00AC0A28 /* AFHTTPSessionManager.h */ = {isa = PBXFileReference; fileEncoding = 4; lastKnownFileType = sourcecode.c.h; name = AFHTTPSessionManager.h; path = AFNetworking/AFHTTPSessionManager.h; sourceTree = "<group>"; };
		84DCD4D419474DEE00AC0A28 /* AFHTTPSessionManager.m */ = {isa = PBXFileReference; fileEncoding = 4; lastKnownFileType = sourcecode.c.objc; name = AFHTTPSessionManager.m; path = AFNetworking/AFHTTPSessionManager.m; sourceTree = "<group>"; };
		84DCD4D519474DEE00AC0A28 /* AFNetworking.h */ = {isa = PBXFileReference; fileEncoding = 4; lastKnownFileType = sourcecode.c.h; name = AFNetworking.h; path = AFNetworking/AFNetworking.h; sourceTree = "<group>"; };
		84DCD4D619474DEE00AC0A28 /* AFNetworkReachabilityManager.h */ = {isa = PBXFileReference; fileEncoding = 4; lastKnownFileType = sourcecode.c.h; name = AFNetworkReachabilityManager.h; path = AFNetworking/AFNetworkReachabilityManager.h; sourceTree = "<group>"; };
		84DCD4D719474DEE00AC0A28 /* AFNetworkReachabilityManager.m */ = {isa = PBXFileReference; fileEncoding = 4; lastKnownFileType = sourcecode.c.objc; name = AFNetworkReachabilityManager.m; path = AFNetworking/AFNetworkReachabilityManager.m; sourceTree = "<group>"; };
		84DCD4D819474DEE00AC0A28 /* AFSecurityPolicy.h */ = {isa = PBXFileReference; fileEncoding = 4; lastKnownFileType = sourcecode.c.h; name = AFSecurityPolicy.h; path = AFNetworking/AFSecurityPolicy.h; sourceTree = "<group>"; };
		84DCD4D919474DEE00AC0A28 /* AFSecurityPolicy.m */ = {isa = PBXFileReference; fileEncoding = 4; lastKnownFileType = sourcecode.c.objc; name = AFSecurityPolicy.m; path = AFNetworking/AFSecurityPolicy.m; sourceTree = "<group>"; };
		84DCD4DA19474DEE00AC0A28 /* AFURLConnectionOperation.h */ = {isa = PBXFileReference; fileEncoding = 4; lastKnownFileType = sourcecode.c.h; name = AFURLConnectionOperation.h; path = AFNetworking/AFURLConnectionOperation.h; sourceTree = "<group>"; };
		84DCD4DB19474DEE00AC0A28 /* AFURLConnectionOperation.m */ = {isa = PBXFileReference; fileEncoding = 4; lastKnownFileType = sourcecode.c.objc; name = AFURLConnectionOperation.m; path = AFNetworking/AFURLConnectionOperation.m; sourceTree = "<group>"; };
		84DCD4DC19474DEE00AC0A28 /* AFURLRequestSerialization.h */ = {isa = PBXFileReference; fileEncoding = 4; lastKnownFileType = sourcecode.c.h; name = AFURLRequestSerialization.h; path = AFNetworking/AFURLRequestSerialization.h; sourceTree = "<group>"; };
		84DCD4DD19474DEE00AC0A28 /* AFURLRequestSerialization.m */ = {isa = PBXFileReference; fileEncoding = 4; lastKnownFileType = sourcecode.c.objc; name = AFURLRequestSerialization.m; path = AFNetworking/AFURLRequestSerialization.m; sourceTree = "<group>"; };
		84DCD4DE19474DEE00AC0A28 /* AFURLResponseSerialization.h */ = {isa = PBXFileReference; fileEncoding = 4; lastKnownFileType = sourcecode.c.h; name = AFURLResponseSerialization.h; path = AFNetworking/AFURLResponseSerialization.h; sourceTree = "<group>"; };
		84DCD4DF19474DEE00AC0A28 /* AFURLResponseSerialization.m */ = {isa = PBXFileReference; fileEncoding = 4; lastKnownFileType = sourcecode.c.objc; name = AFURLResponseSerialization.m; path = AFNetworking/AFURLResponseSerialization.m; sourceTree = "<group>"; };
		84DCD4E019474DEE00AC0A28 /* AFURLSessionManager.h */ = {isa = PBXFileReference; fileEncoding = 4; lastKnownFileType = sourcecode.c.h; name = AFURLSessionManager.h; path = AFNetworking/AFURLSessionManager.h; sourceTree = "<group>"; };
		84DCD4E119474DEE00AC0A28 /* AFURLSessionManager.m */ = {isa = PBXFileReference; fileEncoding = 4; lastKnownFileType = sourcecode.c.objc; name = AFURLSessionManager.m; path = AFNetworking/AFURLSessionManager.m; sourceTree = "<group>"; };
		84DCD50919474EDC00AC0A28 /* AFNetworkActivityIndicatorManager.h */ = {isa = PBXFileReference; fileEncoding = 4; lastKnownFileType = sourcecode.c.h; path = AFNetworkActivityIndicatorManager.h; sourceTree = "<group>"; };
		84DCD50A19474EDC00AC0A28 /* AFNetworkActivityIndicatorManager.m */ = {isa = PBXFileReference; fileEncoding = 4; lastKnownFileType = sourcecode.c.objc; path = AFNetworkActivityIndicatorManager.m; sourceTree = "<group>"; };
		84DCD50B19474EDC00AC0A28 /* UIActivityIndicatorView+AFNetworking.h */ = {isa = PBXFileReference; fileEncoding = 4; lastKnownFileType = sourcecode.c.h; path = "UIActivityIndicatorView+AFNetworking.h"; sourceTree = "<group>"; };
		84DCD50C19474EDC00AC0A28 /* UIActivityIndicatorView+AFNetworking.m */ = {isa = PBXFileReference; fileEncoding = 4; lastKnownFileType = sourcecode.c.objc; path = "UIActivityIndicatorView+AFNetworking.m"; sourceTree = "<group>"; };
		84DCD50D19474EDC00AC0A28 /* UIAlertView+AFNetworking.h */ = {isa = PBXFileReference; fileEncoding = 4; lastKnownFileType = sourcecode.c.h; path = "UIAlertView+AFNetworking.h"; sourceTree = "<group>"; };
		84DCD50E19474EDC00AC0A28 /* UIAlertView+AFNetworking.m */ = {isa = PBXFileReference; fileEncoding = 4; lastKnownFileType = sourcecode.c.objc; path = "UIAlertView+AFNetworking.m"; sourceTree = "<group>"; };
		84DCD50F19474EDC00AC0A28 /* UIButton+AFNetworking.h */ = {isa = PBXFileReference; fileEncoding = 4; lastKnownFileType = sourcecode.c.h; path = "UIButton+AFNetworking.h"; sourceTree = "<group>"; };
		84DCD51019474EDC00AC0A28 /* UIButton+AFNetworking.m */ = {isa = PBXFileReference; fileEncoding = 4; lastKnownFileType = sourcecode.c.objc; path = "UIButton+AFNetworking.m"; sourceTree = "<group>"; };
		84DCD51119474EDC00AC0A28 /* UIImageView+AFNetworking.h */ = {isa = PBXFileReference; fileEncoding = 4; lastKnownFileType = sourcecode.c.h; path = "UIImageView+AFNetworking.h"; sourceTree = "<group>"; };
		84DCD51219474EDC00AC0A28 /* UIImageView+AFNetworking.m */ = {isa = PBXFileReference; fileEncoding = 4; lastKnownFileType = sourcecode.c.objc; path = "UIImageView+AFNetworking.m"; sourceTree = "<group>"; };
		84DCD51319474EDC00AC0A28 /* UIKit+AFNetworking.h */ = {isa = PBXFileReference; fileEncoding = 4; lastKnownFileType = sourcecode.c.h; path = "UIKit+AFNetworking.h"; sourceTree = "<group>"; };
		84DCD51419474EDC00AC0A28 /* UIProgressView+AFNetworking.h */ = {isa = PBXFileReference; fileEncoding = 4; lastKnownFileType = sourcecode.c.h; path = "UIProgressView+AFNetworking.h"; sourceTree = "<group>"; };
		84DCD51519474EDC00AC0A28 /* UIProgressView+AFNetworking.m */ = {isa = PBXFileReference; fileEncoding = 4; lastKnownFileType = sourcecode.c.objc; path = "UIProgressView+AFNetworking.m"; sourceTree = "<group>"; };
		84DCD51619474EDC00AC0A28 /* UIRefreshControl+AFNetworking.h */ = {isa = PBXFileReference; fileEncoding = 4; lastKnownFileType = sourcecode.c.h; path = "UIRefreshControl+AFNetworking.h"; sourceTree = "<group>"; };
		84DCD51719474EDC00AC0A28 /* UIRefreshControl+AFNetworking.m */ = {isa = PBXFileReference; fileEncoding = 4; lastKnownFileType = sourcecode.c.objc; path = "UIRefreshControl+AFNetworking.m"; sourceTree = "<group>"; };
		84DCD51819474EDC00AC0A28 /* UIWebView+AFNetworking.h */ = {isa = PBXFileReference; fileEncoding = 4; lastKnownFileType = sourcecode.c.h; path = "UIWebView+AFNetworking.h"; sourceTree = "<group>"; };
		84DCD51919474EDC00AC0A28 /* UIWebView+AFNetworking.m */ = {isa = PBXFileReference; fileEncoding = 4; lastKnownFileType = sourcecode.c.objc; path = "UIWebView+AFNetworking.m"; sourceTree = "<group>"; };
		84ED69691948957B00F4A5E3 /* CompaniesListSerializer.h */ = {isa = PBXFileReference; fileEncoding = 4; lastKnownFileType = sourcecode.c.h; path = CompaniesListSerializer.h; sourceTree = "<group>"; };
		84ED696A1948957B00F4A5E3 /* CompaniesListSerializer.m */ = {isa = PBXFileReference; fileEncoding = 4; lastKnownFileType = sourcecode.c.objc; path = CompaniesListSerializer.m; sourceTree = "<group>"; };
/* End PBXFileReference section */

/* Begin PBXFrameworksBuildPhase section */
		5D29B10618F7CF8F006DCD4F /* Frameworks */ = {
			isa = PBXFrameworksBuildPhase;
			buildActionMask = 2147483647;
			files = (
				8425E42B190D218700BB966E /* libxml2.2.dylib in Frameworks */,
				5D29B10F18F7CF8F006DCD4F /* CoreGraphics.framework in Frameworks */,
				5D29B11118F7CF8F006DCD4F /* UIKit.framework in Frameworks */,
			);
			runOnlyForDeploymentPostprocessing = 0;
		};
		5D29B12118F7CF8F006DCD4F /* Frameworks */ = {
			isa = PBXFrameworksBuildPhase;
			buildActionMask = 2147483647;
			files = (
				5D29B12618F7CF8F006DCD4F /* XCTest.framework in Frameworks */,
				5D29B12818F7CF8F006DCD4F /* UIKit.framework in Frameworks */,
			);
			runOnlyForDeploymentPostprocessing = 0;
		};
/* End PBXFrameworksBuildPhase section */

/* Begin PBXGroup section */
		5D0B8C2019115DA500A62318 /* Navigation */ = {
			isa = PBXGroup;
			children = (
				5D0B8C2819115DA500A62318 /* MenuViewController.h */,
				5D0B8C2919115DA500A62318 /* MenuViewController.m */,
				5D0B8C2A19115DA500A62318 /* MSMainViewController.h */,
				5D0B8C2B19115DA500A62318 /* MSMainViewController.m */,
				5D0B8C2C19115DA500A62318 /* MSSlideSystemController.h */,
				5D0B8C2D19115DA500A62318 /* MSSlideSystemController.m */,
				5D0B8C3419115DA500A62318 /* SlideViewController.h */,
				5D0B8C3519115DA500A62318 /* SlideViewController.m */,
			);
			name = Navigation;
			path = SergeyContent;
			sourceTree = "<group>";
		};
		5D26EAE6190BD54E00ED47FC /* Constants */ = {
			isa = PBXGroup;
			children = (
				5D26EAE7190BD56F00ED47FC /* Constants.h */,
				84D6FCB119213F9800AFA81D /* Protocols.h */,
			);
			name = Constants;
			sourceTree = "<group>";
		};
		5D29B10018F7CF8F006DCD4F = {
			isa = PBXGroup;
			children = (
				5D29B11218F7CF8F006DCD4F /* DevBy */,
				5D29B12B18F7CF8F006DCD4F /* DevByTests */,
				5D29B10B18F7CF8F006DCD4F /* Frameworks */,
				5D29B10A18F7CF8F006DCD4F /* Products */,
			);
			sourceTree = "<group>";
		};
		5D29B10A18F7CF8F006DCD4F /* Products */ = {
			isa = PBXGroup;
			children = (
				5D29B10918F7CF8F006DCD4F /* DevBy.app */,
				5D29B12418F7CF8F006DCD4F /* DevByTests.xctest */,
			);
			name = Products;
			sourceTree = "<group>";
		};
		5D29B10B18F7CF8F006DCD4F /* Frameworks */ = {
			isa = PBXGroup;
			children = (
				8425E42A190D218700BB966E /* libxml2.2.dylib */,
				5D29B10E18F7CF8F006DCD4F /* CoreGraphics.framework */,
				5D29B11018F7CF8F006DCD4F /* UIKit.framework */,
				5D29B12518F7CF8F006DCD4F /* XCTest.framework */,
			);
			name = Frameworks;
			sourceTree = "<group>";
		};
		5D29B11218F7CF8F006DCD4F /* DevBy */ = {
			isa = PBXGroup;
			children = (
				841EDE1E191C171A0041923B /* Helpers */,
				5D0B8C2019115DA500A62318 /* Navigation */,
				5D26EAE6190BD54E00ED47FC /* Constants */,
				5D82DDFD18F8080A009E4D3E /* Custom cells */,
				5D82DDF318F7D37E009E4D3E /* Vacancies */,
				5D82DDE018F7D312009E4D3E /* Companies */,
				5D82DDE618F7D312009E4D3E /* Model */,
				5D82DDE918F7D312009E4D3E /* News */,
				5D82DDDC18F7D305009E4D3E /* Events */,
				5D29B11318F7CF8F006DCD4F /* Supporting Files */,
			);
			path = DevBy;
			sourceTree = "<group>";
		};
		5D29B11318F7CF8F006DCD4F /* Supporting Files */ = {
			isa = PBXGroup;
			children = (
				84B1ED4D191E131E006603FC /* DevBy-Info.plist */,
				5D29B11B18F7CF8F006DCD4F /* AppDelegate.h */,
				5D29B11C18F7CF8F006DCD4F /* AppDelegate.m */,
				5D82DDA918F7D0CE009E4D3E /* en.lproj */,
				5D82DDBC18F7D0CE009E4D3E /* reveal-icon.png */,
				5D82DDBF18F7D0CE009E4D3E /* Source */,
				5D82DDC418F7D0CE009E4D3E /* SWRevealViewController */,
				5D82DDAE18F7D0CE009E4D3E /* hpple */,
				5D29B11518F7CF8F006DCD4F /* InfoPlist.strings */,
				5D29B11818F7CF8F006DCD4F /* main.m */,
				5D29B11A18F7CF8F006DCD4F /* DevBy-Prefix.pch */,
			);
			name = "Supporting Files";
			sourceTree = "<group>";
		};
		5D29B12B18F7CF8F006DCD4F /* DevByTests */ = {
			isa = PBXGroup;
			children = (
				5D29B13118F7CF8F006DCD4F /* DevByTests.m */,
				5D29B12C18F7CF8F006DCD4F /* Supporting Files */,
			);
			path = DevByTests;
			sourceTree = "<group>";
		};
		5D29B12C18F7CF8F006DCD4F /* Supporting Files */ = {
			isa = PBXGroup;
			children = (
				5D29B12D18F7CF8F006DCD4F /* DevByTests-Info.plist */,
				5D29B12E18F7CF8F006DCD4F /* InfoPlist.strings */,
			);
			name = "Supporting Files";
			sourceTree = "<group>";
		};
		5D82DDA918F7D0CE009E4D3E /* en.lproj */ = {
			isa = PBXGroup;
			children = (
				5D82DDAA18F7D0CE009E4D3E /* InfoPlist.strings */,
			);
			path = en.lproj;
			sourceTree = "<group>";
		};
		5D82DDAE18F7D0CE009E4D3E /* hpple */ = {
			isa = PBXGroup;
			children = (
				5D82DDAF18F7D0CE009E4D3E /* TFHpple.h */,
				5D82DDB018F7D0CE009E4D3E /* TFHpple.m */,
				5D82DDB118F7D0CE009E4D3E /* TFHppleElement.h */,
				5D82DDB218F7D0CE009E4D3E /* TFHppleElement.m */,
				5D82DDB318F7D0CE009E4D3E /* XPathQuery.h */,
				5D82DDB418F7D0CE009E4D3E /* XPathQuery.m */,
			);
			path = hpple;
			sourceTree = "<group>";
		};
		5D82DDBF18F7D0CE009E4D3E /* Source */ = {
			isa = PBXGroup;
			children = (
				5D82DDC018F7D0CE009E4D3E /* JASidePanelController.h */,
				5D82DDC118F7D0CE009E4D3E /* JASidePanelController.m */,
				5D82DDC218F7D0CE009E4D3E /* UIViewController+JASidePanel.h */,
				5D82DDC318F7D0CE009E4D3E /* UIViewController+JASidePanel.m */,
			);
			path = Source;
			sourceTree = "<group>";
		};
		5D82DDC418F7D0CE009E4D3E /* SWRevealViewController */ = {
			isa = PBXGroup;
			children = (
				5D82DDC518F7D0CE009E4D3E /* SWRevealViewController.h */,
				5D82DDC618F7D0CE009E4D3E /* SWRevealViewController.m */,
			);
			path = SWRevealViewController;
			sourceTree = "<group>";
		};
		5D82DDDC18F7D305009E4D3E /* Events */ = {
			isa = PBXGroup;
			children = (
				5D82DDDD18F7D305009E4D3E /* EventsViewController.h */,
				5D82DDDE18F7D305009E4D3E /* EventsViewController.m */,
				5D26DD7118FC674800914F06 /* DetailEventViewController.h */,
				5D26DD7218FC674800914F06 /* DetailEventViewController.m */,
			);
			path = Events;
			sourceTree = "<group>";
		};
		5D82DDE018F7D312009E4D3E /* Companies */ = {
			isa = PBXGroup;
			children = (
				5D82DDE118F7D312009E4D3E /* CompaniesViewController.h */,
				5D82DDE218F7D312009E4D3E /* CompaniesViewController.m */,
				5D12A15018F91365005A5BEE /* DetailCompanyViewController.h */,
				5D12A15118F91365005A5BEE /* DetailCompanyViewController.m */,
			);
			path = Companies;
			sourceTree = "<group>";
		};
		5D82DDE618F7D312009E4D3E /* Model */ = {
			isa = PBXGroup;
			children = (
				841EDE33191C17580041923B /* Company.h */,
				841EDE34191C17580041923B /* Company.m */,
				841EDE35191C17580041923B /* CompanyDetail.h */,
				841EDE36191C17580041923B /* CompanyDetail.m */,
				841EDE37191C17580041923B /* Event.h */,
				841EDE38191C17580041923B /* Event.m */,
				841EDE39191C17580041923B /* EventDetail.h */,
				841EDE3A191C17580041923B /* EventDetail.m */,
				841EDE3B191C17580041923B /* Review.h */,
				841EDE3C191C17580041923B /* Review.m */,
				5D82DDE718F7D312009E4D3E /* HTMLElement.h */,
				5D82DDE818F7D312009E4D3E /* HTMLElement.m */,
				5DD0888A190624AE008601DB /* PremiumJob.h */,
				5DD0888B190624AE008601DB /* PremiumJob.m */,
				5DD0889619063238008601DB /* Job.h */,
				5DD0889719063238008601DB /* Job.m */,
				5D4BF6B11909713900E0E405 /* MiddleJob.h */,
				5D4BF6B21909713900E0E405 /* MiddleJob.m */,
				5DA2BEA01912DB3400833C6E /* Comment.h */,
				5DA2BEA11912DB3400833C6E /* Comment.m */,
				8412794319253B330064978A /* PostDetail.h */,
				8412794419253B330064978A /* PostDetail.m */,
				84127946192540EC0064978A /* Post.h */,
				84127947192540EC0064978A /* Post.m */,
			);
			path = Model;
			sourceTree = "<group>";
		};
		5D82DDE918F7D312009E4D3E /* News */ = {
			isa = PBXGroup;
			children = (
				5D82DDF018F7D368009E4D3E /* DetailPostsViewController.h */,
				5D82DDF118F7D368009E4D3E /* DetailPostsViewController.m */,
				5D82DDEA18F7D312009E4D3E /* PostsViewController.h */,
				5D82DDEB18F7D312009E4D3E /* PostsViewController.m */,
				5D28ED9218F8A4E80066011D /* CommentsViewController.h */,
				5D28ED9318F8A4E80066011D /* CommentsViewController.m */,
			);
			path = News;
			sourceTree = "<group>";
		};
		5D82DDF318F7D37E009E4D3E /* Vacancies */ = {
			isa = PBXGroup;
			children = (
				5D82DDF418F7D37E009E4D3E /* VacanciesViewController.h */,
				5D82DDF518F7D37E009E4D3E /* VacanciesViewController.m */,
				5DD0888D1906307E008601DB /* DetailVacanciesViewController.h */,
				5DD0888E1906307E008601DB /* DetailVacanciesViewController.m */,
			);
			path = Vacancies;
			sourceTree = "<group>";
		};
		5D82DDFD18F8080A009E4D3E /* Custom cells */ = {
			isa = PBXGroup;
			children = (
				5D82DDFE18F8080A009E4D3E /* ArticleCell.h */,
				5D82DDFF18F8080A009E4D3E /* ArticleCell.m */,
				5D82DE0018F8080A009E4D3E /* MainArticleCell.h */,
				5D82DE0118F8080A009E4D3E /* MainArticleCell.m */,
				5D26DD6818FC281900914F06 /* CommentsCell.h */,
				5D26DD6918FC281900914F06 /* CommentsCell.m */,
				5D26DD6E18FC5D8600914F06 /* EventCell.h */,
				5D26DD6F18FC5D8600914F06 /* EventCell.m */,
				5D2E28E719059FD200C64769 /* PremiumJobCell.h */,
				5D2E28E819059FD200C64769 /* PremiumJobCell.m */,
				5DD088901906319D008601DB /* MiddleJobCell.h */,
				5DD088911906319D008601DB /* MiddleJobCell.m */,
				5DD08893190631B2008601DB /* StandardJobCell.h */,
				5DD08894190631B2008601DB /* StandardJobCell.m */,
				5DD088911906319D008601DB /* MiddleJobCell.m */,
				5DD08893190631B2008601DB /* StandardJobCell.h */,
				5DD08894190631B2008601DB /* StandardJobCell.m */,
				5DD088901906319D008601DB /* MiddleJobCell.h */,
				5D1630B4190BA510005AEE23 /* FeedbackCell.h */,
				5D1630B5190BA510005AEE23 /* FeedbackCell.m */,
				8417D6DB192D25A5002FAF78 /* CommentsButton.h */,
				8417D6DC192D25A5002FAF78 /* CommentsButton.m */,
			);
			path = "Custom cells";
			sourceTree = "<group>";
		};
		84014354192F929A0070F12F /* Parsers */ = {
			isa = PBXGroup;
			children = (
				8412793F19253A090064978A /* PostsParser */,
				841EDE28191C171A0041923B /* ReviewsParser */,
				841EDE1F191C171A0041923B /* CommentsParser */,
				841EDE22191C171A0041923B /* CompaniesParser */,
				841EDE25191C171A0041923B /* EventsParser */,
			);
			name = Parsers;
			sourceTree = "<group>";
		};
		84014355192F92A90070F12F /* DejalActivityView */ = {
			isa = PBXGroup;
			children = (
				84014356192F92F00070F12F /* DejalActivityView.h */,
				84014357192F92F00070F12F /* DejalActivityView.m */,
			);
			name = DejalActivityView;
			sourceTree = "<group>";
		};
		8412793F19253A090064978A /* PostsParser */ = {
			isa = PBXGroup;
			children = (
				8412794019253A2A0064978A /* PostsParser.h */,
				8412794119253A2A0064978A /* PostsParser.m */,
			);
			name = PostsParser;
			sourceTree = "<group>";
		};
		841EDE1E191C171A0041923B /* Helpers */ = {
			isa = PBXGroup;
			children = (
				84DCD50819474EDC00AC0A28 /* UIKit+AFNetworking */,
				84DCD4B219474D9900AC0A28 /* AFNetworking */,
				84014355192F92A90070F12F /* DejalActivityView */,
				84014354192F929A0070F12F /* Parsers */,
				841EDE2B191C171A0041923B /* TextConverter */,
				84ED69691948957B00F4A5E3 /* CompaniesListSerializer.h */,
				84ED696A1948957B00F4A5E3 /* CompaniesListSerializer.m */,
			);
			path = Helpers;
			sourceTree = "<group>";
		};
		841EDE1F191C171A0041923B /* CommentsParser */ = {
			isa = PBXGroup;
			children = (
				841EDE20191C171A0041923B /* CommentsParser.h */,
				841EDE21191C171A0041923B /* CommentsParser.m */,
			);
			path = CommentsParser;
			sourceTree = "<group>";
		};
		841EDE22191C171A0041923B /* CompaniesParser */ = {
			isa = PBXGroup;
			children = (
				841EDE23191C171A0041923B /* CompaniesParser.h */,
				841EDE24191C171A0041923B /* CompaniesParser.m */,
			);
			path = CompaniesParser;
			sourceTree = "<group>";
		};
		841EDE25191C171A0041923B /* EventsParser */ = {
			isa = PBXGroup;
			children = (
				841EDE26191C171A0041923B /* EventsParser.h */,
				841EDE27191C171A0041923B /* EventsParser.m */,
			);
			path = EventsParser;
			sourceTree = "<group>";
		};
		841EDE28191C171A0041923B /* ReviewsParser */ = {
			isa = PBXGroup;
			children = (
				841EDE29191C171A0041923B /* ReviewsParser.h */,
				841EDE2A191C171A0041923B /* ReviewsParser.m */,
			);
			path = ReviewsParser;
			sourceTree = "<group>";
		};
		841EDE2B191C171A0041923B /* TextConverter */ = {
			isa = PBXGroup;
			children = (
				841EDE2C191C171A0041923B /* TextConverter.h */,
				841EDE2D191C171A0041923B /* TextConverter.m */,
			);
			path = TextConverter;
			sourceTree = "<group>";
		};
		84DCD4B219474D9900AC0A28 /* AFNetworking */ = {
			isa = PBXGroup;
			children = (
				84DCD4CF19474DEE00AC0A28 /* AFHTTPRequestOperation.h */,
				84DCD4D019474DEE00AC0A28 /* AFHTTPRequestOperation.m */,
				84DCD4D119474DEE00AC0A28 /* AFHTTPRequestOperationManager.h */,
				84DCD4D219474DEE00AC0A28 /* AFHTTPRequestOperationManager.m */,
				84DCD4D319474DEE00AC0A28 /* AFHTTPSessionManager.h */,
				84DCD4D419474DEE00AC0A28 /* AFHTTPSessionManager.m */,
				84DCD4D519474DEE00AC0A28 /* AFNetworking.h */,
				84DCD4D619474DEE00AC0A28 /* AFNetworkReachabilityManager.h */,
				84DCD4D719474DEE00AC0A28 /* AFNetworkReachabilityManager.m */,
				84DCD4D819474DEE00AC0A28 /* AFSecurityPolicy.h */,
				84DCD4D919474DEE00AC0A28 /* AFSecurityPolicy.m */,
				84DCD4DA19474DEE00AC0A28 /* AFURLConnectionOperation.h */,
				84DCD4DB19474DEE00AC0A28 /* AFURLConnectionOperation.m */,
				84DCD4DC19474DEE00AC0A28 /* AFURLRequestSerialization.h */,
				84DCD4DD19474DEE00AC0A28 /* AFURLRequestSerialization.m */,
				84DCD4DE19474DEE00AC0A28 /* AFURLResponseSerialization.h */,
				84DCD4DF19474DEE00AC0A28 /* AFURLResponseSerialization.m */,
				84DCD4E019474DEE00AC0A28 /* AFURLSessionManager.h */,
				84DCD4E119474DEE00AC0A28 /* AFURLSessionManager.m */,
			);
			name = AFNetworking;
			sourceTree = "<group>";
		};
		84DCD50819474EDC00AC0A28 /* UIKit+AFNetworking */ = {
			isa = PBXGroup;
			children = (
				84DCD50919474EDC00AC0A28 /* AFNetworkActivityIndicatorManager.h */,
				84DCD50A19474EDC00AC0A28 /* AFNetworkActivityIndicatorManager.m */,
				84DCD50B19474EDC00AC0A28 /* UIActivityIndicatorView+AFNetworking.h */,
				84DCD50C19474EDC00AC0A28 /* UIActivityIndicatorView+AFNetworking.m */,
				84DCD50D19474EDC00AC0A28 /* UIAlertView+AFNetworking.h */,
				84DCD50E19474EDC00AC0A28 /* UIAlertView+AFNetworking.m */,
				84DCD50F19474EDC00AC0A28 /* UIButton+AFNetworking.h */,
				84DCD51019474EDC00AC0A28 /* UIButton+AFNetworking.m */,
				84DCD51119474EDC00AC0A28 /* UIImageView+AFNetworking.h */,
				84DCD51219474EDC00AC0A28 /* UIImageView+AFNetworking.m */,
				84DCD51319474EDC00AC0A28 /* UIKit+AFNetworking.h */,
				84DCD51419474EDC00AC0A28 /* UIProgressView+AFNetworking.h */,
				84DCD51519474EDC00AC0A28 /* UIProgressView+AFNetworking.m */,
				84DCD51619474EDC00AC0A28 /* UIRefreshControl+AFNetworking.h */,
				84DCD51719474EDC00AC0A28 /* UIRefreshControl+AFNetworking.m */,
				84DCD51819474EDC00AC0A28 /* UIWebView+AFNetworking.h */,
				84DCD51919474EDC00AC0A28 /* UIWebView+AFNetworking.m */,
			);
			path = "UIKit+AFNetworking";
			sourceTree = "<group>";
		};
/* End PBXGroup section */

/* Begin PBXNativeTarget section */
		5D29B10818F7CF8F006DCD4F /* DevBy */ = {
			isa = PBXNativeTarget;
			buildConfigurationList = 5D29B13518F7CF8F006DCD4F /* Build configuration list for PBXNativeTarget "DevBy" */;
			buildPhases = (
				5D29B10518F7CF8F006DCD4F /* Sources */,
				5D29B10618F7CF8F006DCD4F /* Frameworks */,
				5D29B10718F7CF8F006DCD4F /* Resources */,
			);
			buildRules = (
			);
			dependencies = (
			);
			name = DevBy;
			productName = DevBy;
			productReference = 5D29B10918F7CF8F006DCD4F /* DevBy.app */;
			productType = "com.apple.product-type.application";
		};
		5D29B12318F7CF8F006DCD4F /* DevByTests */ = {
			isa = PBXNativeTarget;
			buildConfigurationList = 5D29B13818F7CF8F006DCD4F /* Build configuration list for PBXNativeTarget "DevByTests" */;
			buildPhases = (
				5D29B12018F7CF8F006DCD4F /* Sources */,
				5D29B12118F7CF8F006DCD4F /* Frameworks */,
				5D29B12218F7CF8F006DCD4F /* Resources */,
			);
			buildRules = (
			);
			dependencies = (
				5D29B12A18F7CF8F006DCD4F /* PBXTargetDependency */,
			);
			name = DevByTests;
			productName = DevByTests;
			productReference = 5D29B12418F7CF8F006DCD4F /* DevByTests.xctest */;
			productType = "com.apple.product-type.bundle.unit-test";
		};
/* End PBXNativeTarget section */

/* Begin PBXProject section */
		5D29B10118F7CF8F006DCD4F /* Project object */ = {
			isa = PBXProject;
			attributes = {
				LastUpgradeCheck = 0510;
				ORGANIZATIONNAME = AD;
				TargetAttributes = {
					5D29B10818F7CF8F006DCD4F = {
						DevelopmentTeam = S6T4VJ437P;
					};
					5D29B12318F7CF8F006DCD4F = {
						TestTargetID = 5D29B10818F7CF8F006DCD4F;
					};
				};
			};
			buildConfigurationList = 5D29B10418F7CF8F006DCD4F /* Build configuration list for PBXProject "DevBy" */;
			compatibilityVersion = "Xcode 3.2";
			developmentRegion = English;
			hasScannedForEncodings = 0;
			knownRegions = (
				en,
			);
			mainGroup = 5D29B10018F7CF8F006DCD4F;
			productRefGroup = 5D29B10A18F7CF8F006DCD4F /* Products */;
			projectDirPath = "";
			projectRoot = "";
			targets = (
				5D29B10818F7CF8F006DCD4F /* DevBy */,
				5D29B12318F7CF8F006DCD4F /* DevByTests */,
			);
		};
/* End PBXProject section */

/* Begin PBXResourcesBuildPhase section */
		5D29B10718F7CF8F006DCD4F /* Resources */ = {
			isa = PBXResourcesBuildPhase;
			buildActionMask = 2147483647;
			files = (
				5D29B11718F7CF8F006DCD4F /* InfoPlist.strings in Resources */,
				84B1ED4E191E131E006603FC /* DevBy-Info.plist in Resources */,
				5D82DDD418F7D0CE009E4D3E /* reveal-icon.png in Resources */,
			);
			runOnlyForDeploymentPostprocessing = 0;
		};
		5D29B12218F7CF8F006DCD4F /* Resources */ = {
			isa = PBXResourcesBuildPhase;
			buildActionMask = 2147483647;
			files = (
				5D29B13018F7CF8F006DCD4F /* InfoPlist.strings in Resources */,
			);
			runOnlyForDeploymentPostprocessing = 0;
		};
/* End PBXResourcesBuildPhase section */

/* Begin PBXSourcesBuildPhase section */
		5D29B10518F7CF8F006DCD4F /* Sources */ = {
			isa = PBXSourcesBuildPhase;
			buildActionMask = 2147483647;
			files = (
				5D29B11D18F7CF8F006DCD4F /* AppDelegate.m in Sources */,
				84127948192540EC0064978A /* Post.m in Sources */,
				841EDE41191C17580041923B /* Review.m in Sources */,
				5D82DDCE18F7D0CE009E4D3E /* TFHppleElement.m in Sources */,
				841EDE40191C17580041923B /* EventDetail.m in Sources */,
				84DCD4EA19474DEE00AC0A28 /* AFURLSessionManager.m in Sources */,
				84DCD51B19474EDC00AC0A28 /* UIActivityIndicatorView+AFNetworking.m in Sources */,
				84DCD52019474EDC00AC0A28 /* UIRefreshControl+AFNetworking.m in Sources */,
				8412794519253B330064978A /* PostDetail.m in Sources */,
				5D0B8C3919115DA500A62318 /* MenuViewController.m in Sources */,
				5D82DDF618F7D37E009E4D3E /* VacanciesViewController.m in Sources */,
				5D82DE0318F8080A009E4D3E /* MainArticleCell.m in Sources */,
				5D82DDEC18F7D312009E4D3E /* CompaniesViewController.m in Sources */,
				84DCD4E619474DEE00AC0A28 /* AFSecurityPolicy.m in Sources */,
				841EDE3F191C17580041923B /* Event.m in Sources */,
				84DCD4E519474DEE00AC0A28 /* AFNetworkReachabilityManager.m in Sources */,
				841EDE31191C171A0041923B /* ReviewsParser.m in Sources */,
				5D12A15218F91366005A5BEE /* DetailCompanyViewController.m in Sources */,
				84014358192F92F00070F12F /* DejalActivityView.m in Sources */,
				5D4BF6B31909713900E0E405 /* MiddleJob.m in Sources */,
				5D82DDEF18F7D312009E4D3E /* PostsViewController.m in Sources */,
				841EDE2E191C171A0041923B /* CommentsParser.m in Sources */,
				841EDE3D191C17580041923B /* Company.m in Sources */,
				5D0B8C3A19115DA500A62318 /* MSMainViewController.m in Sources */,
				841EDE3E191C17580041923B /* CompanyDetail.m in Sources */,
				5D82DDD818F7D0CE009E4D3E /* SWRevealViewController.m in Sources */,
				5D82DDCF18F7D0CE009E4D3E /* XPathQuery.m in Sources */,
				84DCD4E219474DEE00AC0A28 /* AFHTTPRequestOperation.m in Sources */,
				5DD0888F1906307E008601DB /* DetailVacanciesViewController.m in Sources */,
				5D82DDCD18F7D0CE009E4D3E /* TFHpple.m in Sources */,
				5DD0888C190624AE008601DB /* PremiumJob.m in Sources */,
				84DCD4E919474DEE00AC0A28 /* AFURLResponseSerialization.m in Sources */,
				5D82DDD618F7D0CE009E4D3E /* JASidePanelController.m in Sources */,
				84DCD51F19474EDC00AC0A28 /* UIProgressView+AFNetworking.m in Sources */,
				5D26DD6A18FC281900914F06 /* CommentsCell.m in Sources */,
				841EDE30191C171A0041923B /* EventsParser.m in Sources */,
				5D82DDEE18F7D312009E4D3E /* HTMLElement.m in Sources */,
				5D82DDF218F7D368009E4D3E /* DetailPostsViewController.m in Sources */,
				84DCD52119474EDC00AC0A28 /* UIWebView+AFNetworking.m in Sources */,
				5D26DD7318FC674800914F06 /* DetailEventViewController.m in Sources */,
				84DCD4E319474DEE00AC0A28 /* AFHTTPRequestOperationManager.m in Sources */,
				5D26DD7018FC5D8600914F06 /* EventCell.m in Sources */,
				5D82DE0218F8080A009E4D3E /* ArticleCell.m in Sources */,
				84DCD51D19474EDC00AC0A28 /* UIButton+AFNetworking.m in Sources */,
				5DD088921906319D008601DB /* MiddleJobCell.m in Sources */,
				84ED696B1948957B00F4A5E3 /* CompaniesListSerializer.m in Sources */,
				5D1630B6190BA510005AEE23 /* FeedbackCell.m in Sources */,
				5D28ED9418F8A4E80066011D /* CommentsViewController.m in Sources */,
				5DA2BEA21912DB3400833C6E /* Comment.m in Sources */,
				5D29B11918F7CF8F006DCD4F /* main.m in Sources */,
				8412794219253A2A0064978A /* PostsParser.m in Sources */,
				84DCD51A19474EDC00AC0A28 /* AFNetworkActivityIndicatorManager.m in Sources */,
				841EDE2F191C171A0041923B /* CompaniesParser.m in Sources */,
				84DCD4E719474DEE00AC0A28 /* AFURLConnectionOperation.m in Sources */,
				5D0B8C3B19115DA500A62318 /* MSSlideSystemController.m in Sources */,
				84DCD51C19474EDC00AC0A28 /* UIAlertView+AFNetworking.m in Sources */,
				5D0B8C3F19115DA500A62318 /* SlideViewController.m in Sources */,
				84DCD4E819474DEE00AC0A28 /* AFURLRequestSerialization.m in Sources */,
				5DD08895190631B2008601DB /* StandardJobCell.m in Sources */,
				841EDE32191C171A0041923B /* TextConverter.m in Sources */,
				5D2E28E919059FD200C64769 /* PremiumJobCell.m in Sources */,
				5D82DDDF18F7D305009E4D3E /* EventsViewController.m in Sources */,
				8417D6DD192D25A5002FAF78 /* CommentsButton.m in Sources */,
				5D82DDD718F7D0CE009E4D3E /* UIViewController+JASidePanel.m in Sources */,
				5DD0889819063238008601DB /* Job.m in Sources */,
				84DCD51E19474EDC00AC0A28 /* UIImageView+AFNetworking.m in Sources */,
				84DCD4E419474DEE00AC0A28 /* AFHTTPSessionManager.m in Sources */,
			);
			runOnlyForDeploymentPostprocessing = 0;
		};
		5D29B12018F7CF8F006DCD4F /* Sources */ = {
			isa = PBXSourcesBuildPhase;
			buildActionMask = 2147483647;
			files = (
				5D29B13218F7CF8F006DCD4F /* DevByTests.m in Sources */,
			);
			runOnlyForDeploymentPostprocessing = 0;
		};
/* End PBXSourcesBuildPhase section */

/* Begin PBXTargetDependency section */
		5D29B12A18F7CF8F006DCD4F /* PBXTargetDependency */ = {
			isa = PBXTargetDependency;
			target = 5D29B10818F7CF8F006DCD4F /* DevBy */;
			targetProxy = 5D29B12918F7CF8F006DCD4F /* PBXContainerItemProxy */;
		};
/* End PBXTargetDependency section */

/* Begin PBXVariantGroup section */
		5D29B11518F7CF8F006DCD4F /* InfoPlist.strings */ = {
			isa = PBXVariantGroup;
			children = (
				5D29B11618F7CF8F006DCD4F /* en */,
			);
			name = InfoPlist.strings;
			sourceTree = "<group>";
		};
		5D29B12E18F7CF8F006DCD4F /* InfoPlist.strings */ = {
			isa = PBXVariantGroup;
			children = (
				5D29B12F18F7CF8F006DCD4F /* en */,
			);
			name = InfoPlist.strings;
			sourceTree = "<group>";
		};
		5D82DDAA18F7D0CE009E4D3E /* InfoPlist.strings */ = {
			isa = PBXVariantGroup;
			children = (
				5D82DDAB18F7D0CE009E4D3E /* en */,
			);
			name = InfoPlist.strings;
			sourceTree = "<group>";
		};
/* End PBXVariantGroup section */

/* Begin XCBuildConfiguration section */
		5D29B13318F7CF8F006DCD4F /* Debug */ = {
			isa = XCBuildConfiguration;
			buildSettings = {
				ALWAYS_SEARCH_USER_PATHS = NO;
				CLANG_CXX_LANGUAGE_STANDARD = "gnu++0x";
				CLANG_CXX_LIBRARY = "libc++";
				CLANG_ENABLE_MODULES = YES;
				CLANG_ENABLE_OBJC_ARC = YES;
				CLANG_WARN_BOOL_CONVERSION = YES;
				CLANG_WARN_CONSTANT_CONVERSION = YES;
				CLANG_WARN_DIRECT_OBJC_ISA_USAGE = YES_ERROR;
				CLANG_WARN_EMPTY_BODY = YES;
				CLANG_WARN_ENUM_CONVERSION = YES;
				CLANG_WARN_INT_CONVERSION = YES;
				CLANG_WARN_OBJC_ROOT_CLASS = YES_ERROR;
				CLANG_WARN__DUPLICATE_METHOD_MATCH = YES;
				CODE_SIGN_IDENTITY = "iPhone Developer: Eugeny Hil (D6V35V2MGW)";
				"CODE_SIGN_IDENTITY[sdk=iphoneos*]" = "iPhone Developer: Eugeny Hil (D6V35V2MGW)";
				COPY_PHASE_STRIP = NO;
				GCC_C_LANGUAGE_STANDARD = gnu99;
				GCC_DYNAMIC_NO_PIC = NO;
				GCC_OPTIMIZATION_LEVEL = 0;
				GCC_PREPROCESSOR_DEFINITIONS = (
					"DEBUG=1",
					"$(inherited)",
				);
				GCC_SYMBOLS_PRIVATE_EXTERN = NO;
				GCC_WARN_64_TO_32_BIT_CONVERSION = YES;
				GCC_WARN_ABOUT_RETURN_TYPE = YES_ERROR;
				GCC_WARN_UNDECLARED_SELECTOR = YES;
				GCC_WARN_UNINITIALIZED_AUTOS = YES_AGGRESSIVE;
				GCC_WARN_UNUSED_FUNCTION = YES;
				GCC_WARN_UNUSED_VARIABLE = YES;
				IPHONEOS_DEPLOYMENT_TARGET = 7.1;
				ONLY_ACTIVE_ARCH = YES;
				PROVISIONING_PROFILE = "E8055F99-3597-4FB5-B08B-977E67F4FB78";
				SDKROOT = iphoneos;
			};
			name = Debug;
		};
		5D29B13418F7CF8F006DCD4F /* Release */ = {
			isa = XCBuildConfiguration;
			buildSettings = {
				ALWAYS_SEARCH_USER_PATHS = NO;
				CLANG_CXX_LANGUAGE_STANDARD = "gnu++0x";
				CLANG_CXX_LIBRARY = "libc++";
				CLANG_ENABLE_MODULES = YES;
				CLANG_ENABLE_OBJC_ARC = YES;
				CLANG_WARN_BOOL_CONVERSION = YES;
				CLANG_WARN_CONSTANT_CONVERSION = YES;
				CLANG_WARN_DIRECT_OBJC_ISA_USAGE = YES_ERROR;
				CLANG_WARN_EMPTY_BODY = YES;
				CLANG_WARN_ENUM_CONVERSION = YES;
				CLANG_WARN_INT_CONVERSION = YES;
				CLANG_WARN_OBJC_ROOT_CLASS = YES_ERROR;
				CLANG_WARN__DUPLICATE_METHOD_MATCH = YES;
				CODE_SIGN_IDENTITY = "iPhone Developer: Eugeny Hil (D6V35V2MGW)";
				"CODE_SIGN_IDENTITY[sdk=iphoneos*]" = "iPhone Developer: Eugeny Hil (D6V35V2MGW)";
				COPY_PHASE_STRIP = YES;
				ENABLE_NS_ASSERTIONS = NO;
				GCC_C_LANGUAGE_STANDARD = gnu99;
				GCC_WARN_64_TO_32_BIT_CONVERSION = YES;
				GCC_WARN_ABOUT_RETURN_TYPE = YES_ERROR;
				GCC_WARN_UNDECLARED_SELECTOR = YES;
				GCC_WARN_UNINITIALIZED_AUTOS = YES_AGGRESSIVE;
				GCC_WARN_UNUSED_FUNCTION = YES;
				GCC_WARN_UNUSED_VARIABLE = YES;
				IPHONEOS_DEPLOYMENT_TARGET = 7.1;
				PROVISIONING_PROFILE = "E8055F99-3597-4FB5-B08B-977E67F4FB78";
				SDKROOT = iphoneos;
				VALIDATE_PRODUCT = YES;
			};
			name = Release;
		};
		5D29B13618F7CF8F006DCD4F /* Debug */ = {
			isa = XCBuildConfiguration;
			buildSettings = {
				ASSETCATALOG_COMPILER_APPICON_NAME = AppIcon;
				ASSETCATALOG_COMPILER_LAUNCHIMAGE_NAME = LaunchImage;
				CODE_SIGN_IDENTITY = "iPhone Developer: Eugeny Hil (D6V35V2MGW)";
				"CODE_SIGN_IDENTITY[sdk=iphoneos*]" = "iPhone Developer: Eugeny Hil (D6V35V2MGW)";
				GCC_PRECOMPILE_PREFIX_HEADER = YES;
				GCC_PREFIX_HEADER = "DevBy/DevBy-Prefix.pch";
				HEADER_SEARCH_PATHS = "$(SDKROOT)/usr/include/libxml2";
				INFOPLIST_FILE = "$(SRCROOT)/DevBy/DevBy-Info.plist";
				IPHONEOS_DEPLOYMENT_TARGET = 6.0;
				LIBRARY_SEARCH_PATHS = (
					"$(inherited)",
					/Users/Admin/Desktop,
					/Users/Admin/Desktop/Storage/Resources,
				);
				PRODUCT_NAME = "$(TARGET_NAME)";
				PROVISIONING_PROFILE = "E8055F99-3597-4FB5-B08B-977E67F4FB78";
				SDKROOT = iphoneos7.1;
				TARGETED_DEVICE_FAMILY = 1;
				WRAPPER_EXTENSION = app;
			};
			name = Debug;
		};
		5D29B13718F7CF8F006DCD4F /* Release */ = {
			isa = XCBuildConfiguration;
			buildSettings = {
				ASSETCATALOG_COMPILER_APPICON_NAME = AppIcon;
				ASSETCATALOG_COMPILER_LAUNCHIMAGE_NAME = LaunchImage;
				CODE_SIGN_IDENTITY = "iPhone Developer: Eugeny Hil (D6V35V2MGW)";
				"CODE_SIGN_IDENTITY[sdk=iphoneos*]" = "iPhone Developer: Eugeny Hil (D6V35V2MGW)";
				GCC_PRECOMPILE_PREFIX_HEADER = YES;
				GCC_PREFIX_HEADER = "DevBy/DevBy-Prefix.pch";
				HEADER_SEARCH_PATHS = "$(SDKROOT)/usr/include/libxml2";
				INFOPLIST_FILE = "$(SRCROOT)/DevBy/DevBy-Info.plist";
				IPHONEOS_DEPLOYMENT_TARGET = 6.0;
				LIBRARY_SEARCH_PATHS = (
					"$(inherited)",
					/Users/Admin/Desktop,
					/Users/Admin/Desktop/Storage/Resources,
				);
				PRODUCT_NAME = "$(TARGET_NAME)";
				PROVISIONING_PROFILE = "E8055F99-3597-4FB5-B08B-977E67F4FB78";
				SDKROOT = iphoneos7.1;
				TARGETED_DEVICE_FAMILY = 1;
				WRAPPER_EXTENSION = app;
			};
			name = Release;
		};
		5D29B13918F7CF8F006DCD4F /* Debug */ = {
			isa = XCBuildConfiguration;
			buildSettings = {
				BUNDLE_LOADER = "$(BUILT_PRODUCTS_DIR)/DevBy.app/DevBy";
				FRAMEWORK_SEARCH_PATHS = (
					"$(SDKROOT)/Developer/Library/Frameworks",
					"$(inherited)",
					"$(DEVELOPER_FRAMEWORKS_DIR)",
				);
				GCC_PRECOMPILE_PREFIX_HEADER = YES;
				GCC_PREFIX_HEADER = "DevBy/DevBy-Prefix.pch";
				GCC_PREPROCESSOR_DEFINITIONS = (
					"DEBUG=1",
					"$(inherited)",
				);
				INFOPLIST_FILE = "DevByTests/DevByTests-Info.plist";
				PRODUCT_NAME = "$(TARGET_NAME)";
				TEST_HOST = "$(BUNDLE_LOADER)";
				WRAPPER_EXTENSION = xctest;
			};
			name = Debug;
		};
		5D29B13A18F7CF8F006DCD4F /* Release */ = {
			isa = XCBuildConfiguration;
			buildSettings = {
				BUNDLE_LOADER = "$(BUILT_PRODUCTS_DIR)/DevBy.app/DevBy";
				FRAMEWORK_SEARCH_PATHS = (
					"$(SDKROOT)/Developer/Library/Frameworks",
					"$(inherited)",
					"$(DEVELOPER_FRAMEWORKS_DIR)",
				);
				GCC_PRECOMPILE_PREFIX_HEADER = YES;
				GCC_PREFIX_HEADER = "DevBy/DevBy-Prefix.pch";
				INFOPLIST_FILE = "DevByTests/DevByTests-Info.plist";
				PRODUCT_NAME = "$(TARGET_NAME)";
				TEST_HOST = "$(BUNDLE_LOADER)";
				WRAPPER_EXTENSION = xctest;
			};
			name = Release;
		};
/* End XCBuildConfiguration section */

/* Begin XCConfigurationList section */
		5D29B10418F7CF8F006DCD4F /* Build configuration list for PBXProject "DevBy" */ = {
			isa = XCConfigurationList;
			buildConfigurations = (
				5D29B13318F7CF8F006DCD4F /* Debug */,
				5D29B13418F7CF8F006DCD4F /* Release */,
			);
			defaultConfigurationIsVisible = 0;
			defaultConfigurationName = Release;
		};
		5D29B13518F7CF8F006DCD4F /* Build configuration list for PBXNativeTarget "DevBy" */ = {
			isa = XCConfigurationList;
			buildConfigurations = (
				5D29B13618F7CF8F006DCD4F /* Debug */,
				5D29B13718F7CF8F006DCD4F /* Release */,
			);
			defaultConfigurationIsVisible = 0;
			defaultConfigurationName = Release;
		};
		5D29B13818F7CF8F006DCD4F /* Build configuration list for PBXNativeTarget "DevByTests" */ = {
			isa = XCConfigurationList;
			buildConfigurations = (
				5D29B13918F7CF8F006DCD4F /* Debug */,
				5D29B13A18F7CF8F006DCD4F /* Release */,
			);
			defaultConfigurationIsVisible = 0;
			defaultConfigurationName = Release;
		};
/* End XCConfigurationList section */
	};
	rootObject = 5D29B10118F7CF8F006DCD4F /* Project object */;
}
